// !$*UTF8*$!
{
	archiveVersion = 1;
	classes = {
	};
	objectVersion = 56;
	objects = {

/* Begin PBXBuildFile section */
		6D2681FD2C42FFE800120AA0 /* AehoparkApp.swift in Sources */ = {isa = PBXBuildFile; fileRef = 6D2681FC2C42FFE800120AA0 /* AehoparkApp.swift */; };
		6D2681FF2C42FFE800120AA0 /* ContentView.swift in Sources */ = {isa = PBXBuildFile; fileRef = 6D2681FE2C42FFE800120AA0 /* ContentView.swift */; };
		6D2682012C42FFE900120AA0 /* Assets.xcassets in Resources */ = {isa = PBXBuildFile; fileRef = 6D2682002C42FFE900120AA0 /* Assets.xcassets */; };
		6D2682042C42FFE900120AA0 /* Preview Assets.xcassets in Resources */ = {isa = PBXBuildFile; fileRef = 6D2682032C42FFE900120AA0 /* Preview Assets.xcassets */; };
		6D26820C2C430A8300120AA0 /* HomeView.swift in Sources */ = {isa = PBXBuildFile; fileRef = 6D26820B2C430A8300120AA0 /* HomeView.swift */; };
		6D26820E2C430A8F00120AA0 /* HomeViewModel.swift in Sources */ = {isa = PBXBuildFile; fileRef = 6D26820D2C430A8F00120AA0 /* HomeViewModel.swift */; };
		6D2682102C430A9800120AA0 /* HomeModel.swift in Sources */ = {isa = PBXBuildFile; fileRef = 6D26820F2C430A9800120AA0 /* HomeModel.swift */; };
		6D2682152C430D6500120AA0 /* Fonts+.swift in Sources */ = {isa = PBXBuildFile; fileRef = 6D2682142C430D6500120AA0 /* Fonts+.swift */; };
		6D26821A2C430D7E00120AA0 /* Roboto-Medium.ttf in Resources */ = {isa = PBXBuildFile; fileRef = 6D2682162C430D7D00120AA0 /* Roboto-Medium.ttf */; };
		6D26821B2C430D7E00120AA0 /* RobotoMono-Regular.ttf in Resources */ = {isa = PBXBuildFile; fileRef = 6D2682172C430D7D00120AA0 /* RobotoMono-Regular.ttf */; };
		6D26821C2C430D7E00120AA0 /* SansitaOne.ttf in Resources */ = {isa = PBXBuildFile; fileRef = 6D2682182C430D7D00120AA0 /* SansitaOne.ttf */; };
		6D26821D2C430D7E00120AA0 /* Roboto-Regular.ttf in Resources */ = {isa = PBXBuildFile; fileRef = 6D2682192C430D7E00120AA0 /* Roboto-Regular.ttf */; };
		6D26821F2C43113000120AA0 /* Roboto-Bold.ttf in Resources */ = {isa = PBXBuildFile; fileRef = 6D26821E2C43113000120AA0 /* Roboto-Bold.ttf */; };
		6D2682232C43138F00120AA0 /* Inter-Regular.ttf in Resources */ = {isa = PBXBuildFile; fileRef = 6D2682202C43138F00120AA0 /* Inter-Regular.ttf */; };
		6D2682242C43138F00120AA0 /* Inter-Medium.ttf in Resources */ = {isa = PBXBuildFile; fileRef = 6D2682212C43138F00120AA0 /* Inter-Medium.ttf */; };
		6D2682252C43138F00120AA0 /* Inter-SemiBold.ttf in Resources */ = {isa = PBXBuildFile; fileRef = 6D2682222C43138F00120AA0 /* Inter-SemiBold.ttf */; };
		6D40DD8A2C4B090200E9DE48 /* CategoryView.swift in Sources */ = {isa = PBXBuildFile; fileRef = 6D40DD892C4B090200E9DE48 /* CategoryView.swift */; };
		6D613EE02C4DB4DD00F1D7D9 /* SearchViewModel.swift in Sources */ = {isa = PBXBuildFile; fileRef = 6D613EDF2C4DB4DD00F1D7D9 /* SearchViewModel.swift */; };
		6D613EE22C4DB4E900F1D7D9 /* SearchModel.swift in Sources */ = {isa = PBXBuildFile; fileRef = 6D613EE12C4DB4E900F1D7D9 /* SearchModel.swift */; };
		6D644D642C442F07003AC99C /* AehoparkTabView.swift in Sources */ = {isa = PBXBuildFile; fileRef = 6D644D632C442F07003AC99C /* AehoparkTabView.swift */; };
		6D644D682C442F99003AC99C /* AppState.swift in Sources */ = {isa = PBXBuildFile; fileRef = 6D644D672C442F99003AC99C /* AppState.swift */; };
		6D644D6B2C4431C4003AC99C /* SwiftUIIntrospect in Frameworks */ = {isa = PBXBuildFile; productRef = 6D644D6A2C4431C4003AC99C /* SwiftUIIntrospect */; };
		6D644D6D2C4432F7003AC99C /* FavoriteView.swift in Sources */ = {isa = PBXBuildFile; fileRef = 6D644D6C2C4432F7003AC99C /* FavoriteView.swift */; };
		6D644D6F2C443301003AC99C /* MypageView.swift in Sources */ = {isa = PBXBuildFile; fileRef = 6D644D6E2C443301003AC99C /* MypageView.swift */; };
		6D644D762C44369C003AC99C /* SearchView.swift in Sources */ = {isa = PBXBuildFile; fileRef = 6D644D752C44369C003AC99C /* SearchView.swift */; };
		6D644D792C4436B3003AC99C /* SearchBarView.swift in Sources */ = {isa = PBXBuildFile; fileRef = 6D644D782C4436B3003AC99C /* SearchBarView.swift */; };
		6D644D7B2C443D89003AC99C /* BannerView.swift in Sources */ = {isa = PBXBuildFile; fileRef = 6D644D7A2C443D89003AC99C /* BannerView.swift */; };
		6D644D7F2C443DDE003AC99C /* Kingfisher in Frameworks */ = {isa = PBXBuildFile; productRef = 6D644D7E2C443DDE003AC99C /* Kingfisher */; };
		6D644D812C444A17003AC99C /* NavigationBar.swift in Sources */ = {isa = PBXBuildFile; fileRef = 6D644D802C444A17003AC99C /* NavigationBar.swift */; };
		6D9A62962C66B25300FC0ADE /* NetworkManager.swift in Sources */ = {isa = PBXBuildFile; fileRef = 6D9A62952C66B25300FC0ADE /* NetworkManager.swift */; };
		6D9A62982C66B26800FC0ADE /* Interceptor.swift in Sources */ = {isa = PBXBuildFile; fileRef = 6D9A62972C66B26800FC0ADE /* Interceptor.swift */; };
		6D9A629A2C66B27D00FC0ADE /* EndPoint.swift in Sources */ = {isa = PBXBuildFile; fileRef = 6D9A62992C66B27D00FC0ADE /* EndPoint.swift */; };
		6D9A629C2C66B29400FC0ADE /* APITask.swift in Sources */ = {isa = PBXBuildFile; fileRef = 6D9A629B2C66B29400FC0ADE /* APITask.swift */; };
		6D9A629E2C66B2A200FC0ADE /* BaseResponse.swift in Sources */ = {isa = PBXBuildFile; fileRef = 6D9A629D2C66B2A200FC0ADE /* BaseResponse.swift */; };
		6D9A62A02C66B2DD00FC0ADE /* KeyChainManger.swift in Sources */ = {isa = PBXBuildFile; fileRef = 6D9A629F2C66B2DD00FC0ADE /* KeyChainManger.swift */; };
		6D9A62A22C66B32C00FC0ADE /* Data+.swift in Sources */ = {isa = PBXBuildFile; fileRef = 6D9A62A12C66B32C00FC0ADE /* Data+.swift */; };
		6D9A62A62C66B4C200FC0ADE /* HomeService.swift in Sources */ = {isa = PBXBuildFile; fileRef = 6D9A62A52C66B4C200FC0ADE /* HomeService.swift */; };
		6D9A62A82C66B51A00FC0ADE /* HomeEndPoint.swift in Sources */ = {isa = PBXBuildFile; fileRef = 6D9A62A72C66B51A00FC0ADE /* HomeEndPoint.swift */; };
		6DA8383C2C6781200054EBD2 /* DetailView.swift in Sources */ = {isa = PBXBuildFile; fileRef = 6DA8383B2C67811F0054EBD2 /* DetailView.swift */; };
		6DA8383E2C67812A0054EBD2 /* PriceModel.swift in Sources */ = {isa = PBXBuildFile; fileRef = 6DA8383D2C67812A0054EBD2 /* PriceModel.swift */; };
		6DA838462C67C6E20054EBD2 /* NicknameService.swift in Sources */ = {isa = PBXBuildFile; fileRef = 6DA838452C67C6E20054EBD2 /* NicknameService.swift */; };
		6DA838482C67C6FD0054EBD2 /* NicknameEndPoint.swift in Sources */ = {isa = PBXBuildFile; fileRef = 6DA838472C67C6FD0054EBD2 /* NicknameEndPoint.swift */; };
		6DC7A5872C458C01004535E7 /* ArticleItem.swift in Sources */ = {isa = PBXBuildFile; fileRef = 6DC7A5862C458C01004535E7 /* ArticleItem.swift */; };
		6DC7A5892C458C9E004535E7 /* ArticleItemModel.swift in Sources */ = {isa = PBXBuildFile; fileRef = 6DC7A5882C458C9E004535E7 /* ArticleItemModel.swift */; };
		6DC820632C57821300A15A07 /* SearchService.swift in Sources */ = {isa = PBXBuildFile; fileRef = 6DC820622C57821300A15A07 /* SearchService.swift */; };
		6DC820652C57832200A15A07 /* SearchEndPoint.swift in Sources */ = {isa = PBXBuildFile; fileRef = 6DC820642C57832200A15A07 /* SearchEndPoint.swift */; };
		6DEA8D1D2C4693D500A235B2 /* Alamofire in Frameworks */ = {isa = PBXBuildFile; productRef = 6DEA8D1C2C4693D500A235B2 /* Alamofire */; settings = {ATTRIBUTES = (Required, ); }; };
		85306CCE2C4EA5FB005DA21A /* OrderListCellView.swift in Sources */ = {isa = PBXBuildFile; fileRef = 85306CCD2C4EA5FB005DA21A /* OrderListCellView.swift */; };
		85797FC62C4BEBE1006DF539 /* BasketView.swift in Sources */ = {isa = PBXBuildFile; fileRef = 85797FC52C4BEBE1006DF539 /* BasketView.swift */; };
		85797FC82C4BEC04006DF539 /* ProductModel.swift in Sources */ = {isa = PBXBuildFile; fileRef = 85797FC72C4BEC04006DF539 /* ProductModel.swift */; };
		85797FCA2C4BEC47006DF539 /* BasketListCellView.swift in Sources */ = {isa = PBXBuildFile; fileRef = 85797FC92C4BEC47006DF539 /* BasketListCellView.swift */; };
		85797FCC2C4C5FC5006DF539 /* OrderView.swift in Sources */ = {isa = PBXBuildFile; fileRef = 85797FCB2C4C5FC5006DF539 /* OrderView.swift */; };
		85E54ABF2C4EB85F00719B19 /* PaymentSuccessView.swift in Sources */ = {isa = PBXBuildFile; fileRef = 85E54ABE2C4EB85F00719B19 /* PaymentSuccessView.swift */; };
		85E54AC12C4EB87000719B19 /* PaymentFailureView.swift in Sources */ = {isa = PBXBuildFile; fileRef = 85E54AC02C4EB87000719B19 /* PaymentFailureView.swift */; };
		A110925C2C4C166F00A760CD /* AddressModel.swift in Sources */ = {isa = PBXBuildFile; fileRef = A110925B2C4C166F00A760CD /* AddressModel.swift */; };
		A110925E2C4C168E00A760CD /* AddressViewModel.swift in Sources */ = {isa = PBXBuildFile; fileRef = A110925D2C4C168E00A760CD /* AddressViewModel.swift */; };
		A11092602C4C169F00A760CD /* AddressWebView.swift in Sources */ = {isa = PBXBuildFile; fileRef = A110925F2C4C169F00A760CD /* AddressWebView.swift */; };
		A1134FE82C4D5BF0008B8A73 /* TermsModel.swift in Sources */ = {isa = PBXBuildFile; fileRef = A1134FE72C4D5BF0008B8A73 /* TermsModel.swift */; };
		A1134FEA2C4D5BF8008B8A73 /* TermsViewModel.swift in Sources */ = {isa = PBXBuildFile; fileRef = A1134FE92C4D5BF8008B8A73 /* TermsViewModel.swift */; };
		A1134FEC2C4D5E6E008B8A73 /* TermsWebView.swift in Sources */ = {isa = PBXBuildFile; fileRef = A1134FEB2C4D5E6E008B8A73 /* TermsWebView.swift */; };
		A1134FEE2C4D6127008B8A73 /* ToggleStyle.swift in Sources */ = {isa = PBXBuildFile; fileRef = A1134FED2C4D6127008B8A73 /* ToggleStyle.swift */; };
		A131A3812C4BCA3100D75B6D /* SignInView.swift in Sources */ = {isa = PBXBuildFile; fileRef = A131A3802C4BCA3100D75B6D /* SignInView.swift */; };
		A1691EB12C50182F001A3340 /* SignInViewModel.swift in Sources */ = {isa = PBXBuildFile; fileRef = A1691EB02C50182F001A3340 /* SignInViewModel.swift */; };
		A1691EB62C50376A001A3340 /* ProfileViewModel.swift in Sources */ = {isa = PBXBuildFile; fileRef = A1691EB52C50376A001A3340 /* ProfileViewModel.swift */; };
		A1691EB82C503781001A3340 /* ProfileModel.swift in Sources */ = {isa = PBXBuildFile; fileRef = A1691EB72C503781001A3340 /* ProfileModel.swift */; };
		A1691EBA2C5037B1001A3340 /* ImagePickerView.swift in Sources */ = {isa = PBXBuildFile; fileRef = A1691EB92C5037B1001A3340 /* ImagePickerView.swift */; };
		A1691EBD2C503893001A3340 /* NicknameViewModel.swift in Sources */ = {isa = PBXBuildFile; fileRef = A1691EBC2C503893001A3340 /* NicknameViewModel.swift */; };
		A1691EBF2C50389D001A3340 /* NicknameModel.swift in Sources */ = {isa = PBXBuildFile; fileRef = A1691EBE2C50389D001A3340 /* NicknameModel.swift */; };
		A1A8FFA32C4BC5A00082163B /* TermsOfServiceView.swift in Sources */ = {isa = PBXBuildFile; fileRef = A1A8FF9E2C4BC5A00082163B /* TermsOfServiceView.swift */; };
		A1A8FFA42C4BC5A00082163B /* NicknameView.swift in Sources */ = {isa = PBXBuildFile; fileRef = A1A8FF9F2C4BC5A00082163B /* NicknameView.swift */; };
		A1A8FFA52C4BC5A00082163B /* AddressView.swift in Sources */ = {isa = PBXBuildFile; fileRef = A1A8FFA02C4BC5A00082163B /* AddressView.swift */; };
		A1A8FFA62C4BC5A00082163B /* FinishView.swift in Sources */ = {isa = PBXBuildFile; fileRef = A1A8FFA12C4BC5A00082163B /* FinishView.swift */; };
		A1A8FFA72C4BC5A00082163B /* ProfileView.swift in Sources */ = {isa = PBXBuildFile; fileRef = A1A8FFA22C4BC5A00082163B /* ProfileView.swift */; };
		A1A8FFAA2C4BC5C70082163B /* KakaoSDK in Frameworks */ = {isa = PBXBuildFile; productRef = A1A8FFA92C4BC5C70082163B /* KakaoSDK */; };
		A1A8FFAC2C4BC5C70082163B /* KakaoSDKAuth in Frameworks */ = {isa = PBXBuildFile; productRef = A1A8FFAB2C4BC5C70082163B /* KakaoSDKAuth */; };
		A1A8FFAE2C4BC5C70082163B /* KakaoSDKCommon in Frameworks */ = {isa = PBXBuildFile; productRef = A1A8FFAD2C4BC5C70082163B /* KakaoSDKCommon */; };
		A1A8FFB02C4BC5C70082163B /* KakaoSDKUser in Frameworks */ = {isa = PBXBuildFile; productRef = A1A8FFAF2C4BC5C70082163B /* KakaoSDKUser */; };
/* End PBXBuildFile section */

/* Begin PBXFileReference section */
		6D2681F92C42FFE800120AA0 /* Aehopark.app */ = {isa = PBXFileReference; explicitFileType = wrapper.application; includeInIndex = 0; path = Aehopark.app; sourceTree = BUILT_PRODUCTS_DIR; };
		6D2681FC2C42FFE800120AA0 /* AehoparkApp.swift */ = {isa = PBXFileReference; lastKnownFileType = sourcecode.swift; path = AehoparkApp.swift; sourceTree = "<group>"; };
		6D2681FE2C42FFE800120AA0 /* ContentView.swift */ = {isa = PBXFileReference; lastKnownFileType = sourcecode.swift; path = ContentView.swift; sourceTree = "<group>"; };
		6D2682002C42FFE900120AA0 /* Assets.xcassets */ = {isa = PBXFileReference; lastKnownFileType = folder.assetcatalog; path = Assets.xcassets; sourceTree = "<group>"; };
		6D2682032C42FFE900120AA0 /* Preview Assets.xcassets */ = {isa = PBXFileReference; lastKnownFileType = folder.assetcatalog; path = "Preview Assets.xcassets"; sourceTree = "<group>"; };
		6D26820B2C430A8300120AA0 /* HomeView.swift */ = {isa = PBXFileReference; lastKnownFileType = sourcecode.swift; path = HomeView.swift; sourceTree = "<group>"; };
		6D26820D2C430A8F00120AA0 /* HomeViewModel.swift */ = {isa = PBXFileReference; lastKnownFileType = sourcecode.swift; path = HomeViewModel.swift; sourceTree = "<group>"; };
		6D26820F2C430A9800120AA0 /* HomeModel.swift */ = {isa = PBXFileReference; lastKnownFileType = sourcecode.swift; path = HomeModel.swift; sourceTree = "<group>"; };
		6D2682142C430D6500120AA0 /* Fonts+.swift */ = {isa = PBXFileReference; lastKnownFileType = sourcecode.swift; path = "Fonts+.swift"; sourceTree = "<group>"; };
		6D2682162C430D7D00120AA0 /* Roboto-Medium.ttf */ = {isa = PBXFileReference; lastKnownFileType = file; path = "Roboto-Medium.ttf"; sourceTree = "<group>"; };
		6D2682172C430D7D00120AA0 /* RobotoMono-Regular.ttf */ = {isa = PBXFileReference; lastKnownFileType = file; path = "RobotoMono-Regular.ttf"; sourceTree = "<group>"; };
		6D2682182C430D7D00120AA0 /* SansitaOne.ttf */ = {isa = PBXFileReference; lastKnownFileType = file; path = SansitaOne.ttf; sourceTree = "<group>"; };
		6D2682192C430D7E00120AA0 /* Roboto-Regular.ttf */ = {isa = PBXFileReference; lastKnownFileType = file; path = "Roboto-Regular.ttf"; sourceTree = "<group>"; };
		6D26821E2C43113000120AA0 /* Roboto-Bold.ttf */ = {isa = PBXFileReference; lastKnownFileType = file; path = "Roboto-Bold.ttf"; sourceTree = "<group>"; };
		6D2682202C43138F00120AA0 /* Inter-Regular.ttf */ = {isa = PBXFileReference; lastKnownFileType = file; path = "Inter-Regular.ttf"; sourceTree = "<group>"; };
		6D2682212C43138F00120AA0 /* Inter-Medium.ttf */ = {isa = PBXFileReference; lastKnownFileType = file; path = "Inter-Medium.ttf"; sourceTree = "<group>"; };
		6D2682222C43138F00120AA0 /* Inter-SemiBold.ttf */ = {isa = PBXFileReference; lastKnownFileType = file; path = "Inter-SemiBold.ttf"; sourceTree = "<group>"; };
		6D2682272C43173100120AA0 /* Info.plist */ = {isa = PBXFileReference; lastKnownFileType = text.plist; path = Info.plist; sourceTree = "<group>"; };
		6D40DD892C4B090200E9DE48 /* CategoryView.swift */ = {isa = PBXFileReference; lastKnownFileType = sourcecode.swift; path = CategoryView.swift; sourceTree = "<group>"; };
		6D613EDF2C4DB4DD00F1D7D9 /* SearchViewModel.swift */ = {isa = PBXFileReference; lastKnownFileType = sourcecode.swift; path = SearchViewModel.swift; sourceTree = "<group>"; };
		6D613EE12C4DB4E900F1D7D9 /* SearchModel.swift */ = {isa = PBXFileReference; lastKnownFileType = sourcecode.swift; path = SearchModel.swift; sourceTree = "<group>"; };
		6D644D632C442F07003AC99C /* AehoparkTabView.swift */ = {isa = PBXFileReference; lastKnownFileType = sourcecode.swift; path = AehoparkTabView.swift; sourceTree = "<group>"; };
		6D644D672C442F99003AC99C /* AppState.swift */ = {isa = PBXFileReference; lastKnownFileType = sourcecode.swift; path = AppState.swift; sourceTree = "<group>"; };
		6D644D6C2C4432F7003AC99C /* FavoriteView.swift */ = {isa = PBXFileReference; lastKnownFileType = sourcecode.swift; path = FavoriteView.swift; sourceTree = "<group>"; };
		6D644D6E2C443301003AC99C /* MypageView.swift */ = {isa = PBXFileReference; lastKnownFileType = sourcecode.swift; path = MypageView.swift; sourceTree = "<group>"; };
		6D644D752C44369C003AC99C /* SearchView.swift */ = {isa = PBXFileReference; lastKnownFileType = sourcecode.swift; path = SearchView.swift; sourceTree = "<group>"; };
		6D644D782C4436B3003AC99C /* SearchBarView.swift */ = {isa = PBXFileReference; lastKnownFileType = sourcecode.swift; path = SearchBarView.swift; sourceTree = "<group>"; };
		6D644D7A2C443D89003AC99C /* BannerView.swift */ = {isa = PBXFileReference; lastKnownFileType = sourcecode.swift; path = BannerView.swift; sourceTree = "<group>"; };
		6D644D802C444A17003AC99C /* NavigationBar.swift */ = {isa = PBXFileReference; lastKnownFileType = sourcecode.swift; path = NavigationBar.swift; sourceTree = "<group>"; };
		6D9A62952C66B25300FC0ADE /* NetworkManager.swift */ = {isa = PBXFileReference; lastKnownFileType = sourcecode.swift; path = NetworkManager.swift; sourceTree = "<group>"; };
		6D9A62972C66B26800FC0ADE /* Interceptor.swift */ = {isa = PBXFileReference; lastKnownFileType = sourcecode.swift; path = Interceptor.swift; sourceTree = "<group>"; };
		6D9A62992C66B27D00FC0ADE /* EndPoint.swift */ = {isa = PBXFileReference; lastKnownFileType = sourcecode.swift; path = EndPoint.swift; sourceTree = "<group>"; };
		6D9A629B2C66B29400FC0ADE /* APITask.swift */ = {isa = PBXFileReference; lastKnownFileType = sourcecode.swift; path = APITask.swift; sourceTree = "<group>"; };
		6D9A629D2C66B2A200FC0ADE /* BaseResponse.swift */ = {isa = PBXFileReference; lastKnownFileType = sourcecode.swift; path = BaseResponse.swift; sourceTree = "<group>"; };
		6D9A629F2C66B2DD00FC0ADE /* KeyChainManger.swift */ = {isa = PBXFileReference; lastKnownFileType = sourcecode.swift; path = KeyChainManger.swift; sourceTree = "<group>"; };
		6D9A62A12C66B32C00FC0ADE /* Data+.swift */ = {isa = PBXFileReference; lastKnownFileType = sourcecode.swift; path = "Data+.swift"; sourceTree = "<group>"; };
		6D9A62A52C66B4C200FC0ADE /* HomeService.swift */ = {isa = PBXFileReference; lastKnownFileType = sourcecode.swift; path = HomeService.swift; sourceTree = "<group>"; };
		6D9A62A72C66B51A00FC0ADE /* HomeEndPoint.swift */ = {isa = PBXFileReference; lastKnownFileType = sourcecode.swift; path = HomeEndPoint.swift; sourceTree = "<group>"; };
		6DA8383B2C67811F0054EBD2 /* DetailView.swift */ = {isa = PBXFileReference; lastKnownFileType = sourcecode.swift; path = DetailView.swift; sourceTree = "<group>"; };
		6DA8383D2C67812A0054EBD2 /* PriceModel.swift */ = {isa = PBXFileReference; lastKnownFileType = sourcecode.swift; path = PriceModel.swift; sourceTree = "<group>"; };
		6DA838452C67C6E20054EBD2 /* NicknameService.swift */ = {isa = PBXFileReference; lastKnownFileType = sourcecode.swift; name = NicknameService.swift; path = ../../../../Project/Aehopark/iOS/Aehopark/Network/NickName/NicknameService.swift; sourceTree = "<group>"; };
		6DA838472C67C6FD0054EBD2 /* NicknameEndPoint.swift */ = {isa = PBXFileReference; lastKnownFileType = sourcecode.swift; path = NicknameEndPoint.swift; sourceTree = "<group>"; };
		6DC7A5862C458C01004535E7 /* ArticleItem.swift */ = {isa = PBXFileReference; lastKnownFileType = sourcecode.swift; path = ArticleItem.swift; sourceTree = "<group>"; };
		6DC7A5882C458C9E004535E7 /* ArticleItemModel.swift */ = {isa = PBXFileReference; lastKnownFileType = sourcecode.swift; path = ArticleItemModel.swift; sourceTree = "<group>"; };
		6DC820622C57821300A15A07 /* SearchService.swift */ = {isa = PBXFileReference; lastKnownFileType = sourcecode.swift; path = SearchService.swift; sourceTree = "<group>"; };
		6DC820642C57832200A15A07 /* SearchEndPoint.swift */ = {isa = PBXFileReference; lastKnownFileType = sourcecode.swift; path = SearchEndPoint.swift; sourceTree = "<group>"; };
		85306CCD2C4EA5FB005DA21A /* OrderListCellView.swift */ = {isa = PBXFileReference; lastKnownFileType = sourcecode.swift; path = OrderListCellView.swift; sourceTree = "<group>"; };
		85797FC52C4BEBE1006DF539 /* BasketView.swift */ = {isa = PBXFileReference; lastKnownFileType = sourcecode.swift; path = BasketView.swift; sourceTree = "<group>"; };
		85797FC72C4BEC04006DF539 /* ProductModel.swift */ = {isa = PBXFileReference; lastKnownFileType = sourcecode.swift; path = ProductModel.swift; sourceTree = "<group>"; };
		85797FC92C4BEC47006DF539 /* BasketListCellView.swift */ = {isa = PBXFileReference; lastKnownFileType = sourcecode.swift; path = BasketListCellView.swift; sourceTree = "<group>"; };
		85797FCB2C4C5FC5006DF539 /* OrderView.swift */ = {isa = PBXFileReference; lastKnownFileType = sourcecode.swift; path = OrderView.swift; sourceTree = "<group>"; };
		85E54ABE2C4EB85F00719B19 /* PaymentSuccessView.swift */ = {isa = PBXFileReference; lastKnownFileType = sourcecode.swift; path = PaymentSuccessView.swift; sourceTree = "<group>"; };
		85E54AC02C4EB87000719B19 /* PaymentFailureView.swift */ = {isa = PBXFileReference; lastKnownFileType = sourcecode.swift; path = PaymentFailureView.swift; sourceTree = "<group>"; };
		A110925B2C4C166F00A760CD /* AddressModel.swift */ = {isa = PBXFileReference; lastKnownFileType = sourcecode.swift; path = AddressModel.swift; sourceTree = "<group>"; };
		A110925D2C4C168E00A760CD /* AddressViewModel.swift */ = {isa = PBXFileReference; lastKnownFileType = sourcecode.swift; path = AddressViewModel.swift; sourceTree = "<group>"; };
		A110925F2C4C169F00A760CD /* AddressWebView.swift */ = {isa = PBXFileReference; lastKnownFileType = sourcecode.swift; path = AddressWebView.swift; sourceTree = "<group>"; };
		A1134FE72C4D5BF0008B8A73 /* TermsModel.swift */ = {isa = PBXFileReference; lastKnownFileType = sourcecode.swift; path = TermsModel.swift; sourceTree = "<group>"; };
		A1134FE92C4D5BF8008B8A73 /* TermsViewModel.swift */ = {isa = PBXFileReference; lastKnownFileType = sourcecode.swift; path = TermsViewModel.swift; sourceTree = "<group>"; };
		A1134FEB2C4D5E6E008B8A73 /* TermsWebView.swift */ = {isa = PBXFileReference; lastKnownFileType = sourcecode.swift; path = TermsWebView.swift; sourceTree = "<group>"; };
		A1134FED2C4D6127008B8A73 /* ToggleStyle.swift */ = {isa = PBXFileReference; lastKnownFileType = sourcecode.swift; path = ToggleStyle.swift; sourceTree = "<group>"; };
		A131A3802C4BCA3100D75B6D /* SignInView.swift */ = {isa = PBXFileReference; fileEncoding = 4; lastKnownFileType = sourcecode.swift; path = SignInView.swift; sourceTree = "<group>"; };
		A1691EB02C50182F001A3340 /* SignInViewModel.swift */ = {isa = PBXFileReference; lastKnownFileType = sourcecode.swift; path = SignInViewModel.swift; sourceTree = "<group>"; };
		A1691EB32C50345C001A3340 /* Aehopark.entitlements */ = {isa = PBXFileReference; lastKnownFileType = text.plist.entitlements; path = Aehopark.entitlements; sourceTree = "<group>"; };
		A1691EB52C50376A001A3340 /* ProfileViewModel.swift */ = {isa = PBXFileReference; lastKnownFileType = sourcecode.swift; path = ProfileViewModel.swift; sourceTree = "<group>"; };
		A1691EB72C503781001A3340 /* ProfileModel.swift */ = {isa = PBXFileReference; lastKnownFileType = sourcecode.swift; path = ProfileModel.swift; sourceTree = "<group>"; };
		A1691EB92C5037B1001A3340 /* ImagePickerView.swift */ = {isa = PBXFileReference; lastKnownFileType = sourcecode.swift; path = ImagePickerView.swift; sourceTree = "<group>"; };
		A1691EBC2C503893001A3340 /* NicknameViewModel.swift */ = {isa = PBXFileReference; lastKnownFileType = sourcecode.swift; path = NicknameViewModel.swift; sourceTree = "<group>"; };
		A1691EBE2C50389D001A3340 /* NicknameModel.swift */ = {isa = PBXFileReference; lastKnownFileType = sourcecode.swift; path = NicknameModel.swift; sourceTree = "<group>"; };
		A1A8FF9E2C4BC5A00082163B /* TermsOfServiceView.swift */ = {isa = PBXFileReference; fileEncoding = 4; lastKnownFileType = sourcecode.swift; path = TermsOfServiceView.swift; sourceTree = "<group>"; };
		A1A8FF9F2C4BC5A00082163B /* NicknameView.swift */ = {isa = PBXFileReference; fileEncoding = 4; lastKnownFileType = sourcecode.swift; path = NicknameView.swift; sourceTree = "<group>"; };
		A1A8FFA02C4BC5A00082163B /* AddressView.swift */ = {isa = PBXFileReference; fileEncoding = 4; lastKnownFileType = sourcecode.swift; path = AddressView.swift; sourceTree = "<group>"; };
		A1A8FFA12C4BC5A00082163B /* FinishView.swift */ = {isa = PBXFileReference; fileEncoding = 4; lastKnownFileType = sourcecode.swift; path = FinishView.swift; sourceTree = "<group>"; };
		A1A8FFA22C4BC5A00082163B /* ProfileView.swift */ = {isa = PBXFileReference; fileEncoding = 4; lastKnownFileType = sourcecode.swift; path = ProfileView.swift; sourceTree = "<group>"; };
/* End PBXFileReference section */

/* Begin PBXFrameworksBuildPhase section */
		6D2681F62C42FFE800120AA0 /* Frameworks */ = {
			isa = PBXFrameworksBuildPhase;
			buildActionMask = 2147483647;
			files = (
				6DEA8D1D2C4693D500A235B2 /* Alamofire in Frameworks */,
				A1A8FFAA2C4BC5C70082163B /* KakaoSDK in Frameworks */,
				6D644D7F2C443DDE003AC99C /* Kingfisher in Frameworks */,
				A1A8FFB02C4BC5C70082163B /* KakaoSDKUser in Frameworks */,
				6D644D6B2C4431C4003AC99C /* SwiftUIIntrospect in Frameworks */,
				A1A8FFAE2C4BC5C70082163B /* KakaoSDKCommon in Frameworks */,
				A1A8FFAC2C4BC5C70082163B /* KakaoSDKAuth in Frameworks */,
			);
			runOnlyForDeploymentPostprocessing = 0;
		};
/* End PBXFrameworksBuildPhase section */

/* Begin PBXGroup section */
		6D2681F02C42FFE800120AA0 = {
			isa = PBXGroup;
			children = (
				6D2681FB2C42FFE800120AA0 /* Aehopark */,
				6D2681FA2C42FFE800120AA0 /* Products */,
			);
			sourceTree = "<group>";
		};
		6D2681FA2C42FFE800120AA0 /* Products */ = {
			isa = PBXGroup;
			children = (
				6D2681F92C42FFE800120AA0 /* Aehopark.app */,
			);
			name = Products;
			sourceTree = "<group>";
		};
		6D2681FB2C42FFE800120AA0 /* Aehopark */ = {
			isa = PBXGroup;
			children = (
				A1691EB32C50345C001A3340 /* Aehopark.entitlements */,
				6D2682272C43173100120AA0 /* Info.plist */,
				6D2682262C43164D00120AA0 /* App */,
				6D26820A2C430A7600120AA0 /* Home */,
				6D644D772C4436A0003AC99C /* Search */,
				6D644D722C443311003AC99C /* Favorite */,
				6D644D732C44331D003AC99C /* Basket */,
				A1A8FF992C4BC53A0082163B /* Sign */,
				6D644D742C443326003AC99C /* Mypage */,
				6D2682122C430B1900120AA0 /* Extension */,
				6D2682002C42FFE900120AA0 /* Assets.xcassets */,
				6D2682022C42FFE900120AA0 /* Preview Content */,
				6DEA8D152C46912C00A235B2 /* Network */,
			);
			path = Aehopark;
			sourceTree = "<group>";
		};
		6D2682022C42FFE900120AA0 /* Preview Content */ = {
			isa = PBXGroup;
			children = (
				6D2682032C42FFE900120AA0 /* Preview Assets.xcassets */,
			);
			path = "Preview Content";
			sourceTree = "<group>";
		};
		6D26820A2C430A7600120AA0 /* Home */ = {
			isa = PBXGroup;
			children = (
				6D26820B2C430A8300120AA0 /* HomeView.swift */,
				6D26820F2C430A9800120AA0 /* HomeModel.swift */,
				6D26820D2C430A8F00120AA0 /* HomeViewModel.swift */,
				6D644D7C2C443D8C003AC99C /* Banner */,
				6DC7A58C2C458CAD004535E7 /* ArticleItem */,
			);
			path = Home;
			sourceTree = "<group>";
		};
		6D2682122C430B1900120AA0 /* Extension */ = {
			isa = PBXGroup;
			children = (
				6D2682132C430B2900120AA0 /* Font */,
				6D644D802C444A17003AC99C /* NavigationBar.swift */,
				A1134FED2C4D6127008B8A73 /* ToggleStyle.swift */,
			);
			path = Extension;
			sourceTree = "<group>";
		};
		6D2682132C430B2900120AA0 /* Font */ = {
			isa = PBXGroup;
			children = (
				6D2682212C43138F00120AA0 /* Inter-Medium.ttf */,
				6D2682202C43138F00120AA0 /* Inter-Regular.ttf */,
				6D2682222C43138F00120AA0 /* Inter-SemiBold.ttf */,
				6D2682162C430D7D00120AA0 /* Roboto-Medium.ttf */,
				6D2682192C430D7E00120AA0 /* Roboto-Regular.ttf */,
				6D2682172C430D7D00120AA0 /* RobotoMono-Regular.ttf */,
				6D26821E2C43113000120AA0 /* Roboto-Bold.ttf */,
				6D2682182C430D7D00120AA0 /* SansitaOne.ttf */,
				6D2682142C430D6500120AA0 /* Fonts+.swift */,
			);
			path = Font;
			sourceTree = "<group>";
		};
		6D2682262C43164D00120AA0 /* App */ = {
			isa = PBXGroup;
			children = (
				6D2681FC2C42FFE800120AA0 /* AehoparkApp.swift */,
				6D2681FE2C42FFE800120AA0 /* ContentView.swift */,
				6D644D632C442F07003AC99C /* AehoparkTabView.swift */,
				6D644D672C442F99003AC99C /* AppState.swift */,
			);
			path = App;
			sourceTree = "<group>";
		};
		6D644D722C443311003AC99C /* Favorite */ = {
			isa = PBXGroup;
			children = (
				6D644D6C2C4432F7003AC99C /* FavoriteView.swift */,
				6DA8383B2C67811F0054EBD2 /* DetailView.swift */,
				6DA8383D2C67812A0054EBD2 /* PriceModel.swift */,
			);
			path = Favorite;
			sourceTree = "<group>";
		};
		6D644D732C44331D003AC99C /* Basket */ = {
			isa = PBXGroup;
			children = (
				85797FC52C4BEBE1006DF539 /* BasketView.swift */,
				85797FC92C4BEC47006DF539 /* BasketListCellView.swift */,
				85797FC72C4BEC04006DF539 /* ProductModel.swift */,
				85797FCB2C4C5FC5006DF539 /* OrderView.swift */,
				85306CCD2C4EA5FB005DA21A /* OrderListCellView.swift */,
				85E54AC02C4EB87000719B19 /* PaymentFailureView.swift */,
				85E54ABE2C4EB85F00719B19 /* PaymentSuccessView.swift */,
			);
			path = Basket;
			sourceTree = "<group>";
		};
		6D644D742C443326003AC99C /* Mypage */ = {
			isa = PBXGroup;
			children = (
				6D644D6E2C443301003AC99C /* MypageView.swift */,
			);
			path = Mypage;
			sourceTree = "<group>";
		};
		6D644D772C4436A0003AC99C /* Search */ = {
			isa = PBXGroup;
			children = (
				6D644D752C44369C003AC99C /* SearchView.swift */,
				6D613EE12C4DB4E900F1D7D9 /* SearchModel.swift */,
				6D613EDF2C4DB4DD00F1D7D9 /* SearchViewModel.swift */,
				6D644D782C4436B3003AC99C /* SearchBarView.swift */,
				6D40DD892C4B090200E9DE48 /* CategoryView.swift */,
			);
			path = Search;
			sourceTree = "<group>";
		};
		6D644D7C2C443D8C003AC99C /* Banner */ = {
			isa = PBXGroup;
			children = (
				6D644D7A2C443D89003AC99C /* BannerView.swift */,
			);
			path = Banner;
			sourceTree = "<group>";
		};
		6D9A62942C66B24400FC0ADE /* Base */ = {
			isa = PBXGroup;
			children = (
				6D9A62952C66B25300FC0ADE /* NetworkManager.swift */,
				6D9A62972C66B26800FC0ADE /* Interceptor.swift */,
				6D9A62992C66B27D00FC0ADE /* EndPoint.swift */,
				6D9A629B2C66B29400FC0ADE /* APITask.swift */,
				6D9A629D2C66B2A200FC0ADE /* BaseResponse.swift */,
				6D9A629F2C66B2DD00FC0ADE /* KeyChainManger.swift */,
				6D9A62A12C66B32C00FC0ADE /* Data+.swift */,
			);
			path = Base;
			sourceTree = "<group>";
		};
		6D9A62A32C66B44C00FC0ADE /* Search */ = {
			isa = PBXGroup;
			children = (
				6DC820622C57821300A15A07 /* SearchService.swift */,
				6DC820642C57832200A15A07 /* SearchEndPoint.swift */,
			);
			path = Search;
			sourceTree = "<group>";
		};
		6D9A62A42C66B4A700FC0ADE /* Home */ = {
			isa = PBXGroup;
			children = (
				6D9A62A52C66B4C200FC0ADE /* HomeService.swift */,
				6D9A62A72C66B51A00FC0ADE /* HomeEndPoint.swift */,
			);
			path = Home;
			sourceTree = "<group>";
		};
		6DA838442C67C6C80054EBD2 /* NickName */ = {
			isa = PBXGroup;
			children = (
				6DA838452C67C6E20054EBD2 /* NicknameService.swift */,
				6DA838472C67C6FD0054EBD2 /* NicknameEndPoint.swift */,
			);
			path = NickName;
			sourceTree = "<group>";
		};
		6DC7A58C2C458CAD004535E7 /* ArticleItem */ = {
			isa = PBXGroup;
			children = (
				6DC7A5862C458C01004535E7 /* ArticleItem.swift */,
				6DC7A5882C458C9E004535E7 /* ArticleItemModel.swift */,
			);
			path = ArticleItem;
			sourceTree = "<group>";
		};
		6DEA8D152C46912C00A235B2 /* Network */ = {
			isa = PBXGroup;
			children = (
				6DA838442C67C6C80054EBD2 /* NickName */,
				6D9A62942C66B24400FC0ADE /* Base */,
				6D9A62A42C66B4A700FC0ADE /* Home */,
				6D9A62A32C66B44C00FC0ADE /* Search */,
			);
			path = Network;
			sourceTree = "<group>";
		};
		A110925A2C4C165800A760CD /* Address */ = {
			isa = PBXGroup;
			children = (
				A1A8FFA02C4BC5A00082163B /* AddressView.swift */,
				A110925F2C4C169F00A760CD /* AddressWebView.swift */,
				A110925B2C4C166F00A760CD /* AddressModel.swift */,
				A110925D2C4C168E00A760CD /* AddressViewModel.swift */,
			);
			path = Address;
			sourceTree = "<group>";
		};
		A1134FE22C4D5AF0008B8A73 /* Terms */ = {
			isa = PBXGroup;
			children = (
				A1A8FF9E2C4BC5A00082163B /* TermsOfServiceView.swift */,
				A1134FEB2C4D5E6E008B8A73 /* TermsWebView.swift */,
				A1134FE72C4D5BF0008B8A73 /* TermsModel.swift */,
				A1134FE92C4D5BF8008B8A73 /* TermsViewModel.swift */,
			);
			path = Terms;
			sourceTree = "<group>";
		};
		A131A37F2C4BC9E400D75B6D /* SignIn */ = {
			isa = PBXGroup;
			children = (
				A131A3802C4BCA3100D75B6D /* SignInView.swift */,
				A1691EB02C50182F001A3340 /* SignInViewModel.swift */,
			);
			path = SignIn;
			sourceTree = "<group>";
		};
		A1691EB42C503757001A3340 /* Profile */ = {
			isa = PBXGroup;
			children = (
				A1A8FFA22C4BC5A00082163B /* ProfileView.swift */,
				A1691EB52C50376A001A3340 /* ProfileViewModel.swift */,
				A1691EB92C5037B1001A3340 /* ImagePickerView.swift */,
				A1691EB72C503781001A3340 /* ProfileModel.swift */,
			);
			path = Profile;
			sourceTree = "<group>";
		};
		A1691EBB2C503882001A3340 /* Nickname */ = {
			isa = PBXGroup;
			children = (
				A1A8FF9F2C4BC5A00082163B /* NicknameView.swift */,
				A1691EBC2C503893001A3340 /* NicknameViewModel.swift */,
				A1691EBE2C50389D001A3340 /* NicknameModel.swift */,
			);
			path = Nickname;
			sourceTree = "<group>";
		};
		A1A8FF992C4BC53A0082163B /* Sign */ = {
			isa = PBXGroup;
			children = (
				A131A37F2C4BC9E400D75B6D /* SignIn */,
				A1A8FF9B2C4BC54E0082163B /* SignUp */,
			);
			path = Sign;
			sourceTree = "<group>";
		};
		A1A8FF9B2C4BC54E0082163B /* SignUp */ = {
			isa = PBXGroup;
			children = (
				A1691EBB2C503882001A3340 /* Nickname */,
				A1691EB42C503757001A3340 /* Profile */,
				A110925A2C4C165800A760CD /* Address */,
				A1134FE22C4D5AF0008B8A73 /* Terms */,
				A1A8FFA12C4BC5A00082163B /* FinishView.swift */,
			);
			path = SignUp;
			sourceTree = "<group>";
		};
/* End PBXGroup section */

/* Begin PBXNativeTarget section */
		6D2681F82C42FFE800120AA0 /* Aehopark */ = {
			isa = PBXNativeTarget;
			buildConfigurationList = 6D2682072C42FFE900120AA0 /* Build configuration list for PBXNativeTarget "Aehopark" */;
			buildPhases = (
				6D2681F52C42FFE800120AA0 /* Sources */,
				6D2681F62C42FFE800120AA0 /* Frameworks */,
				6D2681F72C42FFE800120AA0 /* Resources */,
			);
			buildRules = (
			);
			dependencies = (
			);
			name = Aehopark;
			packageProductDependencies = (
				6D644D6A2C4431C4003AC99C /* SwiftUIIntrospect */,
				6D644D7E2C443DDE003AC99C /* Kingfisher */,
				6DEA8D1C2C4693D500A235B2 /* Alamofire */,
				A1A8FFA92C4BC5C70082163B /* KakaoSDK */,
				A1A8FFAB2C4BC5C70082163B /* KakaoSDKAuth */,
				A1A8FFAD2C4BC5C70082163B /* KakaoSDKCommon */,
				A1A8FFAF2C4BC5C70082163B /* KakaoSDKUser */,
			);
			productName = Aehopark;
			productReference = 6D2681F92C42FFE800120AA0 /* Aehopark.app */;
			productType = "com.apple.product-type.application";
		};
/* End PBXNativeTarget section */

/* Begin PBXProject section */
		6D2681F12C42FFE800120AA0 /* Project object */ = {
			isa = PBXProject;
			attributes = {
				BuildIndependentTargetsInParallel = 1;
				LastSwiftUpdateCheck = 1540;
				LastUpgradeCheck = 1540;
				TargetAttributes = {
					6D2681F82C42FFE800120AA0 = {
						CreatedOnToolsVersion = 15.4;
					};
				};
			};
			buildConfigurationList = 6D2681F42C42FFE800120AA0 /* Build configuration list for PBXProject "Aehopark" */;
			compatibilityVersion = "Xcode 14.0";
			developmentRegion = en;
			hasScannedForEncodings = 0;
			knownRegions = (
				en,
				Base,
			);
			mainGroup = 6D2681F02C42FFE800120AA0;
			packageReferences = (
				6D644D692C4431C4003AC99C /* XCRemoteSwiftPackageReference "SwiftUI-Introspect" */,
				6D644D7D2C443DDE003AC99C /* XCRemoteSwiftPackageReference "Kingfisher" */,
				6DEA8D1B2C4693D500A235B2 /* XCRemoteSwiftPackageReference "Alamofire" */,
				A1A8FFA82C4BC5C70082163B /* XCRemoteSwiftPackageReference "kakao-ios-sdk" */,
			);
			productRefGroup = 6D2681FA2C42FFE800120AA0 /* Products */;
			projectDirPath = "";
			projectRoot = "";
			targets = (
				6D2681F82C42FFE800120AA0 /* Aehopark */,
			);
		};
/* End PBXProject section */

/* Begin PBXResourcesBuildPhase section */
		6D2681F72C42FFE800120AA0 /* Resources */ = {
			isa = PBXResourcesBuildPhase;
			buildActionMask = 2147483647;
			files = (
				6D26821F2C43113000120AA0 /* Roboto-Bold.ttf in Resources */,
				6D26821D2C430D7E00120AA0 /* Roboto-Regular.ttf in Resources */,
				6D2682042C42FFE900120AA0 /* Preview Assets.xcassets in Resources */,
				6D2682012C42FFE900120AA0 /* Assets.xcassets in Resources */,
				6D26821C2C430D7E00120AA0 /* SansitaOne.ttf in Resources */,
				6D26821A2C430D7E00120AA0 /* Roboto-Medium.ttf in Resources */,
				6D2682232C43138F00120AA0 /* Inter-Regular.ttf in Resources */,
				6D26821B2C430D7E00120AA0 /* RobotoMono-Regular.ttf in Resources */,
				6D2682252C43138F00120AA0 /* Inter-SemiBold.ttf in Resources */,
				6D2682242C43138F00120AA0 /* Inter-Medium.ttf in Resources */,
			);
			runOnlyForDeploymentPostprocessing = 0;
		};
/* End PBXResourcesBuildPhase section */

/* Begin PBXSourcesBuildPhase section */
		6D2681F52C42FFE800120AA0 /* Sources */ = {
			isa = PBXSourcesBuildPhase;
			buildActionMask = 2147483647;
			files = (
				6D644D7B2C443D89003AC99C /* BannerView.swift in Sources */,
				A1134FEC2C4D5E6E008B8A73 /* TermsWebView.swift in Sources */,
				6D9A62A02C66B2DD00FC0ADE /* KeyChainManger.swift in Sources */,
				A11092602C4C169F00A760CD /* AddressWebView.swift in Sources */,
				A1691EB82C503781001A3340 /* ProfileModel.swift in Sources */,
				A1691EBA2C5037B1001A3340 /* ImagePickerView.swift in Sources */,
				6DC7A5892C458C9E004535E7 /* ArticleItemModel.swift in Sources */,
				6DC820652C57832200A15A07 /* SearchEndPoint.swift in Sources */,
				6DC820632C57821300A15A07 /* SearchService.swift in Sources */,
				6D613EE02C4DB4DD00F1D7D9 /* SearchViewModel.swift in Sources */,
				A1A8FFA32C4BC5A00082163B /* TermsOfServiceView.swift in Sources */,
				A1691EB12C50182F001A3340 /* SignInViewModel.swift in Sources */,
				A131A3812C4BCA3100D75B6D /* SignInView.swift in Sources */,
				85306CCE2C4EA5FB005DA21A /* OrderListCellView.swift in Sources */,
				6D26820C2C430A8300120AA0 /* HomeView.swift in Sources */,
				6D9A62A82C66B51A00FC0ADE /* HomeEndPoint.swift in Sources */,
				85797FC82C4BEC04006DF539 /* ProductModel.swift in Sources */,
				6D2681FF2C42FFE800120AA0 /* ContentView.swift in Sources */,
				A1134FEA2C4D5BF8008B8A73 /* TermsViewModel.swift in Sources */,
				A110925E2C4C168E00A760CD /* AddressViewModel.swift in Sources */,
				6D2682152C430D6500120AA0 /* Fonts+.swift in Sources */,
				6D644D762C44369C003AC99C /* SearchView.swift in Sources */,
				A1691EBD2C503893001A3340 /* NicknameViewModel.swift in Sources */,
				A1A8FFA52C4BC5A00082163B /* AddressView.swift in Sources */,
				6D9A62962C66B25300FC0ADE /* NetworkManager.swift in Sources */,
				6D644D682C442F99003AC99C /* AppState.swift in Sources */,
				A1134FEE2C4D6127008B8A73 /* ToggleStyle.swift in Sources */,
				85797FC62C4BEBE1006DF539 /* BasketView.swift in Sources */,
				6D9A629A2C66B27D00FC0ADE /* EndPoint.swift in Sources */,
				85797FCA2C4BEC47006DF539 /* BasketListCellView.swift in Sources */,
				6D2681FD2C42FFE800120AA0 /* AehoparkApp.swift in Sources */,
				A1A8FFA42C4BC5A00082163B /* NicknameView.swift in Sources */,
				6D644D6D2C4432F7003AC99C /* FavoriteView.swift in Sources */,
				A110925C2C4C166F00A760CD /* AddressModel.swift in Sources */,
				6D2682102C430A9800120AA0 /* HomeModel.swift in Sources */,
				6D644D792C4436B3003AC99C /* SearchBarView.swift in Sources */,
				6D26820E2C430A8F00120AA0 /* HomeViewModel.swift in Sources */,
				6D40DD8A2C4B090200E9DE48 /* CategoryView.swift in Sources */,
				6D613EE22C4DB4E900F1D7D9 /* SearchModel.swift in Sources */,
				6DA8383C2C6781200054EBD2 /* DetailView.swift in Sources */,
				A1A8FFA62C4BC5A00082163B /* FinishView.swift in Sources */,
				A1691EB62C50376A001A3340 /* ProfileViewModel.swift in Sources */,
				6DA838462C67C6E20054EBD2 /* NicknameService.swift in Sources */,
				85E54ABF2C4EB85F00719B19 /* PaymentSuccessView.swift in Sources */,
				A1691EBF2C50389D001A3340 /* NicknameModel.swift in Sources */,
				6D9A62982C66B26800FC0ADE /* Interceptor.swift in Sources */,
				6D644D792C4436B3003AC99C /* SearchBarView.swift in Sources */,
				6D26820E2C430A8F00120AA0 /* HomeViewModel.swift in Sources */,
				6DA838482C67C6FD0054EBD2 /* NicknameEndPoint.swift in Sources */,
				6D9A62A62C66B4C200FC0ADE /* HomeService.swift in Sources */,
				A1A8FFA72C4BC5A00082163B /* ProfileView.swift in Sources */,
				6D9A629E2C66B2A200FC0ADE /* BaseResponse.swift in Sources */,
				6D644D812C444A17003AC99C /* NavigationBar.swift in Sources */,
				A1134FE82C4D5BF0008B8A73 /* TermsModel.swift in Sources */,
				6D644D642C442F07003AC99C /* AehoparkTabView.swift in Sources */,
				6D644D6F2C443301003AC99C /* MypageView.swift in Sources */,
				6D9A62A22C66B32C00FC0ADE /* Data+.swift in Sources */,
				6DC7A5872C458C01004535E7 /* ArticleItem.swift in Sources */,
				85E54AC12C4EB87000719B19 /* PaymentFailureView.swift in Sources */,
				6D9A629C2C66B29400FC0ADE /* APITask.swift in Sources */,
				85797FCC2C4C5FC5006DF539 /* OrderView.swift in Sources */,
				6DA8383E2C67812A0054EBD2 /* PriceModel.swift in Sources */,
			);
			runOnlyForDeploymentPostprocessing = 0;
		};
/* End PBXSourcesBuildPhase section */

/* Begin XCBuildConfiguration section */
		6D2682052C42FFE900120AA0 /* Debug */ = {
			isa = XCBuildConfiguration;
			buildSettings = {
				ALWAYS_SEARCH_USER_PATHS = NO;
				ASSETCATALOG_COMPILER_GENERATE_SWIFT_ASSET_SYMBOL_EXTENSIONS = YES;
				CLANG_ANALYZER_NONNULL = YES;
				CLANG_ANALYZER_NUMBER_OBJECT_CONVERSION = YES_AGGRESSIVE;
				CLANG_CXX_LANGUAGE_STANDARD = "gnu++20";
				CLANG_ENABLE_MODULES = YES;
				CLANG_ENABLE_OBJC_ARC = YES;
				CLANG_ENABLE_OBJC_WEAK = YES;
				CLANG_WARN_BLOCK_CAPTURE_AUTORELEASING = YES;
				CLANG_WARN_BOOL_CONVERSION = YES;
				CLANG_WARN_COMMA = YES;
				CLANG_WARN_CONSTANT_CONVERSION = YES;
				CLANG_WARN_DEPRECATED_OBJC_IMPLEMENTATIONS = YES;
				CLANG_WARN_DIRECT_OBJC_ISA_USAGE = YES_ERROR;
				CLANG_WARN_DOCUMENTATION_COMMENTS = YES;
				CLANG_WARN_EMPTY_BODY = YES;
				CLANG_WARN_ENUM_CONVERSION = YES;
				CLANG_WARN_INFINITE_RECURSION = YES;
				CLANG_WARN_INT_CONVERSION = YES;
				CLANG_WARN_NON_LITERAL_NULL_CONVERSION = YES;
				CLANG_WARN_OBJC_IMPLICIT_RETAIN_SELF = YES;
				CLANG_WARN_OBJC_LITERAL_CONVERSION = YES;
				CLANG_WARN_OBJC_ROOT_CLASS = YES_ERROR;
				CLANG_WARN_QUOTED_INCLUDE_IN_FRAMEWORK_HEADER = YES;
				CLANG_WARN_RANGE_LOOP_ANALYSIS = YES;
				CLANG_WARN_STRICT_PROTOTYPES = YES;
				CLANG_WARN_SUSPICIOUS_MOVE = YES;
				CLANG_WARN_UNGUARDED_AVAILABILITY = YES_AGGRESSIVE;
				CLANG_WARN_UNREACHABLE_CODE = YES;
				CLANG_WARN__DUPLICATE_METHOD_MATCH = YES;
				COPY_PHASE_STRIP = NO;
				DEBUG_INFORMATION_FORMAT = dwarf;
				ENABLE_STRICT_OBJC_MSGSEND = YES;
				ENABLE_TESTABILITY = YES;
				ENABLE_USER_SCRIPT_SANDBOXING = YES;
				GCC_C_LANGUAGE_STANDARD = gnu17;
				GCC_DYNAMIC_NO_PIC = NO;
				GCC_NO_COMMON_BLOCKS = YES;
				GCC_OPTIMIZATION_LEVEL = 0;
				GCC_PREPROCESSOR_DEFINITIONS = (
					"DEBUG=1",
					"$(inherited)",
				);
				GCC_WARN_64_TO_32_BIT_CONVERSION = YES;
				GCC_WARN_ABOUT_RETURN_TYPE = YES_ERROR;
				GCC_WARN_UNDECLARED_SELECTOR = YES;
				GCC_WARN_UNINITIALIZED_AUTOS = YES_AGGRESSIVE;
				GCC_WARN_UNUSED_FUNCTION = YES;
				GCC_WARN_UNUSED_VARIABLE = YES;
				IPHONEOS_DEPLOYMENT_TARGET = 17.5;
				LOCALIZATION_PREFERS_STRING_CATALOGS = YES;
				MTL_ENABLE_DEBUG_INFO = INCLUDE_SOURCE;
				MTL_FAST_MATH = YES;
				ONLY_ACTIVE_ARCH = YES;
				SDKROOT = iphoneos;
				SWIFT_ACTIVE_COMPILATION_CONDITIONS = "DEBUG $(inherited)";
				SWIFT_OPTIMIZATION_LEVEL = "-Onone";
			};
			name = Debug;
		};
		6D2682062C42FFE900120AA0 /* Release */ = {
			isa = XCBuildConfiguration;
			buildSettings = {
				ALWAYS_SEARCH_USER_PATHS = NO;
				ASSETCATALOG_COMPILER_GENERATE_SWIFT_ASSET_SYMBOL_EXTENSIONS = YES;
				CLANG_ANALYZER_NONNULL = YES;
				CLANG_ANALYZER_NUMBER_OBJECT_CONVERSION = YES_AGGRESSIVE;
				CLANG_CXX_LANGUAGE_STANDARD = "gnu++20";
				CLANG_ENABLE_MODULES = YES;
				CLANG_ENABLE_OBJC_ARC = YES;
				CLANG_ENABLE_OBJC_WEAK = YES;
				CLANG_WARN_BLOCK_CAPTURE_AUTORELEASING = YES;
				CLANG_WARN_BOOL_CONVERSION = YES;
				CLANG_WARN_COMMA = YES;
				CLANG_WARN_CONSTANT_CONVERSION = YES;
				CLANG_WARN_DEPRECATED_OBJC_IMPLEMENTATIONS = YES;
				CLANG_WARN_DIRECT_OBJC_ISA_USAGE = YES_ERROR;
				CLANG_WARN_DOCUMENTATION_COMMENTS = YES;
				CLANG_WARN_EMPTY_BODY = YES;
				CLANG_WARN_ENUM_CONVERSION = YES;
				CLANG_WARN_INFINITE_RECURSION = YES;
				CLANG_WARN_INT_CONVERSION = YES;
				CLANG_WARN_NON_LITERAL_NULL_CONVERSION = YES;
				CLANG_WARN_OBJC_IMPLICIT_RETAIN_SELF = YES;
				CLANG_WARN_OBJC_LITERAL_CONVERSION = YES;
				CLANG_WARN_OBJC_ROOT_CLASS = YES_ERROR;
				CLANG_WARN_QUOTED_INCLUDE_IN_FRAMEWORK_HEADER = YES;
				CLANG_WARN_RANGE_LOOP_ANALYSIS = YES;
				CLANG_WARN_STRICT_PROTOTYPES = YES;
				CLANG_WARN_SUSPICIOUS_MOVE = YES;
				CLANG_WARN_UNGUARDED_AVAILABILITY = YES_AGGRESSIVE;
				CLANG_WARN_UNREACHABLE_CODE = YES;
				CLANG_WARN__DUPLICATE_METHOD_MATCH = YES;
				COPY_PHASE_STRIP = NO;
				DEBUG_INFORMATION_FORMAT = "dwarf-with-dsym";
				ENABLE_NS_ASSERTIONS = NO;
				ENABLE_STRICT_OBJC_MSGSEND = YES;
				ENABLE_USER_SCRIPT_SANDBOXING = YES;
				GCC_C_LANGUAGE_STANDARD = gnu17;
				GCC_NO_COMMON_BLOCKS = YES;
				GCC_WARN_64_TO_32_BIT_CONVERSION = YES;
				GCC_WARN_ABOUT_RETURN_TYPE = YES_ERROR;
				GCC_WARN_UNDECLARED_SELECTOR = YES;
				GCC_WARN_UNINITIALIZED_AUTOS = YES_AGGRESSIVE;
				GCC_WARN_UNUSED_FUNCTION = YES;
				GCC_WARN_UNUSED_VARIABLE = YES;
				IPHONEOS_DEPLOYMENT_TARGET = 17.5;
				LOCALIZATION_PREFERS_STRING_CATALOGS = YES;
				MTL_ENABLE_DEBUG_INFO = NO;
				MTL_FAST_MATH = YES;
				SDKROOT = iphoneos;
				SWIFT_COMPILATION_MODE = wholemodule;
				VALIDATE_PRODUCT = YES;
			};
			name = Release;
		};
		6D2682082C42FFE900120AA0 /* Debug */ = {
			isa = XCBuildConfiguration;
			buildSettings = {
				ASSETCATALOG_COMPILER_APPICON_NAME = AppIcon;
				ASSETCATALOG_COMPILER_GLOBAL_ACCENT_COLOR_NAME = AccentColor;
				CODE_SIGN_ENTITLEMENTS = Aehopark/Aehopark.entitlements;
				CODE_SIGN_IDENTITY = "Apple Development";
				"CODE_SIGN_IDENTITY[sdk=iphoneos*]" = "iPhone Distribution";
				CODE_SIGN_STYLE = Manual;
				CURRENT_PROJECT_VERSION = 1;
				DEVELOPMENT_ASSET_PATHS = "\"Aehopark/Preview Content\"";
				DEVELOPMENT_TEAM = "";
				"DEVELOPMENT_TEAM[sdk=iphoneos*]" = 23SCTLK482;
				ENABLE_PREVIEWS = YES;
				GENERATE_INFOPLIST_FILE = YES;
				INFOPLIST_FILE = Aehopark/Info.plist;
				INFOPLIST_KEY_CFBundleDisplayName = Aehopark;
				INFOPLIST_KEY_LSApplicationCategoryType = "public.app-category.shopping";
				INFOPLIST_KEY_UIApplicationSceneManifest_Generation = YES;
				INFOPLIST_KEY_UIApplicationSupportsIndirectInputEvents = YES;
				INFOPLIST_KEY_UILaunchScreen_Generation = YES;
				INFOPLIST_KEY_UISupportedInterfaceOrientations_iPad = "UIInterfaceOrientationPortrait UIInterfaceOrientationPortraitUpsideDown UIInterfaceOrientationLandscapeLeft UIInterfaceOrientationLandscapeRight";
				INFOPLIST_KEY_UISupportedInterfaceOrientations_iPhone = "UIInterfaceOrientationPortrait UIInterfaceOrientationLandscapeLeft UIInterfaceOrientationLandscapeRight";
				LD_RUNPATH_SEARCH_PATHS = (
					"$(inherited)",
					"@executable_path/Frameworks",
				);
				MARKETING_VERSION = 1.0;
				PRODUCT_BUNDLE_IDENTIFIER = com.riu.Aehopark;
				PRODUCT_NAME = "$(TARGET_NAME)";
				PROVISIONING_PROFILE_SPECIFIER = "";
				"PROVISIONING_PROFILE_SPECIFIER[sdk=iphoneos*]" = "Aehopark Release";
				SUPPORTED_PLATFORMS = "iphoneos iphonesimulator";
				SUPPORTS_MACCATALYST = NO;
				SUPPORTS_MAC_DESIGNED_FOR_IPHONE_IPAD = NO;
				SUPPORTS_XR_DESIGNED_FOR_IPHONE_IPAD = NO;
				SWIFT_EMIT_LOC_STRINGS = YES;
				SWIFT_VERSION = 5.0;
				TARGETED_DEVICE_FAMILY = 1;
			};
			name = Debug;
		};
		6D2682092C42FFE900120AA0 /* Release */ = {
			isa = XCBuildConfiguration;
			buildSettings = {
				ASSETCATALOG_COMPILER_APPICON_NAME = AppIcon;
				ASSETCATALOG_COMPILER_GLOBAL_ACCENT_COLOR_NAME = AccentColor;
				CODE_SIGN_ENTITLEMENTS = Aehopark/Aehopark.entitlements;
				CODE_SIGN_IDENTITY = "Apple Development";
				CODE_SIGN_STYLE = Automatic;
				CURRENT_PROJECT_VERSION = 1;
				DEVELOPMENT_ASSET_PATHS = "\"Aehopark/Preview Content\"";
				DEVELOPMENT_TEAM = 8FKM9FB4PH;
				ENABLE_PREVIEWS = YES;
				GENERATE_INFOPLIST_FILE = YES;
				INFOPLIST_FILE = Aehopark/Info.plist;
				INFOPLIST_KEY_CFBundleDisplayName = Aehopark;
				INFOPLIST_KEY_LSApplicationCategoryType = "public.app-category.shopping";
				INFOPLIST_KEY_UIApplicationSceneManifest_Generation = YES;
				INFOPLIST_KEY_UIApplicationSupportsIndirectInputEvents = YES;
				INFOPLIST_KEY_UILaunchScreen_Generation = YES;
				INFOPLIST_KEY_UISupportedInterfaceOrientations_iPad = "UIInterfaceOrientationPortrait UIInterfaceOrientationPortraitUpsideDown UIInterfaceOrientationLandscapeLeft UIInterfaceOrientationLandscapeRight";
				INFOPLIST_KEY_UISupportedInterfaceOrientations_iPhone = "UIInterfaceOrientationPortrait UIInterfaceOrientationLandscapeLeft UIInterfaceOrientationLandscapeRight";
				LD_RUNPATH_SEARCH_PATHS = (
					"$(inherited)",
					"@executable_path/Frameworks",
				);
				MARKETING_VERSION = 1.0;
				PRODUCT_BUNDLE_IDENTIFIER = com.riu.Aehopark;
				PRODUCT_NAME = "$(TARGET_NAME)";
				PROVISIONING_PROFILE_SPECIFIER = "";
				SUPPORTED_PLATFORMS = "iphoneos iphonesimulator";
				SUPPORTS_MACCATALYST = NO;
				SUPPORTS_MAC_DESIGNED_FOR_IPHONE_IPAD = NO;
				SUPPORTS_XR_DESIGNED_FOR_IPHONE_IPAD = NO;
				SWIFT_EMIT_LOC_STRINGS = YES;
				SWIFT_VERSION = 5.0;
				TARGETED_DEVICE_FAMILY = 1;
			};
			name = Release;
		};
/* End XCBuildConfiguration section */

/* Begin XCConfigurationList section */
		6D2681F42C42FFE800120AA0 /* Build configuration list for PBXProject "Aehopark" */ = {
			isa = XCConfigurationList;
			buildConfigurations = (
				6D2682052C42FFE900120AA0 /* Debug */,
				6D2682062C42FFE900120AA0 /* Release */,
			);
			defaultConfigurationIsVisible = 0;
			defaultConfigurationName = Release;
		};
		6D2682072C42FFE900120AA0 /* Build configuration list for PBXNativeTarget "Aehopark" */ = {
			isa = XCConfigurationList;
			buildConfigurations = (
				6D2682082C42FFE900120AA0 /* Debug */,
				6D2682092C42FFE900120AA0 /* Release */,
			);
			defaultConfigurationIsVisible = 0;
			defaultConfigurationName = Release;
		};
/* End XCConfigurationList section */

/* Begin XCRemoteSwiftPackageReference section */
		6D644D692C4431C4003AC99C /* XCRemoteSwiftPackageReference "SwiftUI-Introspect" */ = {
			isa = XCRemoteSwiftPackageReference;
			repositoryURL = "https://github.com/siteline/SwiftUI-Introspect.git";
			requirement = {
				kind = upToNextMajorVersion;
				minimumVersion = 1.2.0;
			};
		};
		6D644D7D2C443DDE003AC99C /* XCRemoteSwiftPackageReference "Kingfisher" */ = {
			isa = XCRemoteSwiftPackageReference;
			repositoryURL = "https://github.com/onevcat/Kingfisher.git";
			requirement = {
				kind = upToNextMajorVersion;
				minimumVersion = 7.12.0;
			};
		};
		6DEA8D1B2C4693D500A235B2 /* XCRemoteSwiftPackageReference "Alamofire" */ = {
			isa = XCRemoteSwiftPackageReference;
			repositoryURL = "https://github.com/Alamofire/Alamofire.git";
			requirement = {
				kind = upToNextMajorVersion;
				minimumVersion = 5.9.1;
			};
		};
		A1A8FFA82C4BC5C70082163B /* XCRemoteSwiftPackageReference "kakao-ios-sdk" */ = {
			isa = XCRemoteSwiftPackageReference;
			repositoryURL = "https://github.com/kakao/kakao-ios-sdk";
			requirement = {
				kind = upToNextMajorVersion;
				minimumVersion = 2.22.4;
			};
		};
/* End XCRemoteSwiftPackageReference section */

/* Begin XCSwiftPackageProductDependency section */
		6D644D6A2C4431C4003AC99C /* SwiftUIIntrospect */ = {
			isa = XCSwiftPackageProductDependency;
			package = 6D644D692C4431C4003AC99C /* XCRemoteSwiftPackageReference "SwiftUI-Introspect" */;
			productName = SwiftUIIntrospect;
		};
		6D644D7E2C443DDE003AC99C /* Kingfisher */ = {
			isa = XCSwiftPackageProductDependency;
			package = 6D644D7D2C443DDE003AC99C /* XCRemoteSwiftPackageReference "Kingfisher" */;
			productName = Kingfisher;
		};
		6DEA8D1C2C4693D500A235B2 /* Alamofire */ = {
			isa = XCSwiftPackageProductDependency;
			package = 6DEA8D1B2C4693D500A235B2 /* XCRemoteSwiftPackageReference "Alamofire" */;
			productName = Alamofire;
		};
		A1A8FFA92C4BC5C70082163B /* KakaoSDK */ = {
			isa = XCSwiftPackageProductDependency;
			package = A1A8FFA82C4BC5C70082163B /* XCRemoteSwiftPackageReference "kakao-ios-sdk" */;
			productName = KakaoSDK;
		};
		A1A8FFAB2C4BC5C70082163B /* KakaoSDKAuth */ = {
			isa = XCSwiftPackageProductDependency;
			package = A1A8FFA82C4BC5C70082163B /* XCRemoteSwiftPackageReference "kakao-ios-sdk" */;
			productName = KakaoSDKAuth;
		};
		A1A8FFAD2C4BC5C70082163B /* KakaoSDKCommon */ = {
			isa = XCSwiftPackageProductDependency;
			package = A1A8FFA82C4BC5C70082163B /* XCRemoteSwiftPackageReference "kakao-ios-sdk" */;
			productName = KakaoSDKCommon;
		};
		A1A8FFAF2C4BC5C70082163B /* KakaoSDKUser */ = {
			isa = XCSwiftPackageProductDependency;
			package = A1A8FFA82C4BC5C70082163B /* XCRemoteSwiftPackageReference "kakao-ios-sdk" */;
			productName = KakaoSDKUser;
		};
/* End XCSwiftPackageProductDependency section */
	};
	rootObject = 6D2681F12C42FFE800120AA0 /* Project object */;
}
