// !$*UTF8*$!
{
	archiveVersion = 1;
	classes = {
	};
	objectVersion = 56;
	objects = {

/* Begin PBXBuildFile section */
		6D2681FD2C42FFE800120AA0 /* AehoparkApp.swift in Sources */ = {isa = PBXBuildFile; fileRef = 6D2681FC2C42FFE800120AA0 /* AehoparkApp.swift */; };
		6D2681FF2C42FFE800120AA0 /* ContentView.swift in Sources */ = {isa = PBXBuildFile; fileRef = 6D2681FE2C42FFE800120AA0 /* ContentView.swift */; };
		6D2682012C42FFE900120AA0 /* Assets.xcassets in Resources */ = {isa = PBXBuildFile; fileRef = 6D2682002C42FFE900120AA0 /* Assets.xcassets */; };
		6D2682042C42FFE900120AA0 /* Preview Assets.xcassets in Resources */ = {isa = PBXBuildFile; fileRef = 6D2682032C42FFE900120AA0 /* Preview Assets.xcassets */; };
		6D26820C2C430A8300120AA0 /* HomeView.swift in Sources */ = {isa = PBXBuildFile; fileRef = 6D26820B2C430A8300120AA0 /* HomeView.swift */; };
		6D26820E2C430A8F00120AA0 /* HomeViewModel.swift in Sources */ = {isa = PBXBuildFile; fileRef = 6D26820D2C430A8F00120AA0 /* HomeViewModel.swift */; };
		6D2682102C430A9800120AA0 /* HomeModel.swift in Sources */ = {isa = PBXBuildFile; fileRef = 6D26820F2C430A9800120AA0 /* HomeModel.swift */; };
		6D2682152C430D6500120AA0 /* Fonts+.swift in Sources */ = {isa = PBXBuildFile; fileRef = 6D2682142C430D6500120AA0 /* Fonts+.swift */; };
		6D26821A2C430D7E00120AA0 /* Roboto-Medium.ttf in Resources */ = {isa = PBXBuildFile; fileRef = 6D2682162C430D7D00120AA0 /* Roboto-Medium.ttf */; };
		6D26821B2C430D7E00120AA0 /* RobotoMono-Regular.ttf in Resources */ = {isa = PBXBuildFile; fileRef = 6D2682172C430D7D00120AA0 /* RobotoMono-Regular.ttf */; };
		6D26821C2C430D7E00120AA0 /* SansitaOne.ttf in Resources */ = {isa = PBXBuildFile; fileRef = 6D2682182C430D7D00120AA0 /* SansitaOne.ttf */; };
		6D26821D2C430D7E00120AA0 /* Roboto-Regular.ttf in Resources */ = {isa = PBXBuildFile; fileRef = 6D2682192C430D7E00120AA0 /* Roboto-Regular.ttf */; };
		6D26821F2C43113000120AA0 /* Roboto-Bold.ttf in Resources */ = {isa = PBXBuildFile; fileRef = 6D26821E2C43113000120AA0 /* Roboto-Bold.ttf */; };
		6D2682232C43138F00120AA0 /* Inter-Regular.ttf in Resources */ = {isa = PBXBuildFile; fileRef = 6D2682202C43138F00120AA0 /* Inter-Regular.ttf */; };
		6D2682242C43138F00120AA0 /* Inter-Medium.ttf in Resources */ = {isa = PBXBuildFile; fileRef = 6D2682212C43138F00120AA0 /* Inter-Medium.ttf */; };
		6D2682252C43138F00120AA0 /* Inter-SemiBold.ttf in Resources */ = {isa = PBXBuildFile; fileRef = 6D2682222C43138F00120AA0 /* Inter-SemiBold.ttf */; };
		B36DA1212C4422F70040BFEA /* Constants.swift in Sources */ = {isa = PBXBuildFile; fileRef = B36DA1202C4422F70040BFEA /* Constants.swift */; };
		B36DA1262C442C390040BFEA /* StdTextField.swift in Sources */ = {isa = PBXBuildFile; fileRef = B36DA1252C442C390040BFEA /* StdTextField.swift */; };
		B36DA1292C442C980040BFEA /* RegNicknameView.swift in Sources */ = {isa = PBXBuildFile; fileRef = B36DA1282C442C980040BFEA /* RegNicknameView.swift */; };
		B36DA12B2C442CF90040BFEA /* RegExplnTitle.swift in Sources */ = {isa = PBXBuildFile; fileRef = B36DA12A2C442CF90040BFEA /* RegExplnTitle.swift */; };
		B36DA12D2C442D710040BFEA /* ErrorMessageText.swift in Sources */ = {isa = PBXBuildFile; fileRef = B36DA12C2C442D710040BFEA /* ErrorMessageText.swift */; };
		B36DA1302C442E6B0040BFEA /* NicknameError.swift in Sources */ = {isa = PBXBuildFile; fileRef = B36DA12F2C442E6B0040BFEA /* NicknameError.swift */; };
		B36DA1322C442FE10040BFEA /* RegProfileView.swift in Sources */ = {isa = PBXBuildFile; fileRef = B36DA1312C442FE10040BFEA /* RegProfileView.swift */; };
		B36DA1342C4430AC0040BFEA /* ProfileButton.swift in Sources */ = {isa = PBXBuildFile; fileRef = B36DA1332C4430AC0040BFEA /* ProfileButton.swift */; };
/* End PBXBuildFile section */

/* Begin PBXFileReference section */
		6D2681F92C42FFE800120AA0 /* Aehopark.app */ = {isa = PBXFileReference; explicitFileType = wrapper.application; includeInIndex = 0; path = Aehopark.app; sourceTree = BUILT_PRODUCTS_DIR; };
		6D2681FC2C42FFE800120AA0 /* AehoparkApp.swift */ = {isa = PBXFileReference; lastKnownFileType = sourcecode.swift; path = AehoparkApp.swift; sourceTree = "<group>"; };
		6D2681FE2C42FFE800120AA0 /* ContentView.swift */ = {isa = PBXFileReference; lastKnownFileType = sourcecode.swift; path = ContentView.swift; sourceTree = "<group>"; };
		6D2682002C42FFE900120AA0 /* Assets.xcassets */ = {isa = PBXFileReference; lastKnownFileType = folder.assetcatalog; path = Assets.xcassets; sourceTree = "<group>"; };
		6D2682032C42FFE900120AA0 /* Preview Assets.xcassets */ = {isa = PBXFileReference; lastKnownFileType = folder.assetcatalog; path = "Preview Assets.xcassets"; sourceTree = "<group>"; };
		6D26820B2C430A8300120AA0 /* HomeView.swift */ = {isa = PBXFileReference; lastKnownFileType = sourcecode.swift; path = HomeView.swift; sourceTree = "<group>"; };
		6D26820D2C430A8F00120AA0 /* HomeViewModel.swift */ = {isa = PBXFileReference; lastKnownFileType = sourcecode.swift; path = HomeViewModel.swift; sourceTree = "<group>"; };
		6D26820F2C430A9800120AA0 /* HomeModel.swift */ = {isa = PBXFileReference; lastKnownFileType = sourcecode.swift; path = HomeModel.swift; sourceTree = "<group>"; };
		6D2682142C430D6500120AA0 /* Fonts+.swift */ = {isa = PBXFileReference; lastKnownFileType = sourcecode.swift; path = "Fonts+.swift"; sourceTree = "<group>"; };
		6D2682162C430D7D00120AA0 /* Roboto-Medium.ttf */ = {isa = PBXFileReference; lastKnownFileType = file; path = "Roboto-Medium.ttf"; sourceTree = "<group>"; };
		6D2682172C430D7D00120AA0 /* RobotoMono-Regular.ttf */ = {isa = PBXFileReference; lastKnownFileType = file; path = "RobotoMono-Regular.ttf"; sourceTree = "<group>"; };
		6D2682182C430D7D00120AA0 /* SansitaOne.ttf */ = {isa = PBXFileReference; lastKnownFileType = file; path = SansitaOne.ttf; sourceTree = "<group>"; };
		6D2682192C430D7E00120AA0 /* Roboto-Regular.ttf */ = {isa = PBXFileReference; lastKnownFileType = file; path = "Roboto-Regular.ttf"; sourceTree = "<group>"; };
		6D26821E2C43113000120AA0 /* Roboto-Bold.ttf */ = {isa = PBXFileReference; lastKnownFileType = file; path = "Roboto-Bold.ttf"; sourceTree = "<group>"; };
		6D2682202C43138F00120AA0 /* Inter-Regular.ttf */ = {isa = PBXFileReference; lastKnownFileType = file; path = "Inter-Regular.ttf"; sourceTree = "<group>"; };
		6D2682212C43138F00120AA0 /* Inter-Medium.ttf */ = {isa = PBXFileReference; lastKnownFileType = file; path = "Inter-Medium.ttf"; sourceTree = "<group>"; };
		6D2682222C43138F00120AA0 /* Inter-SemiBold.ttf */ = {isa = PBXFileReference; lastKnownFileType = file; path = "Inter-SemiBold.ttf"; sourceTree = "<group>"; };
		6D2682272C43173100120AA0 /* Info.plist */ = {isa = PBXFileReference; lastKnownFileType = text.plist; path = Info.plist; sourceTree = "<group>"; };
		B36DA1202C4422F70040BFEA /* Constants.swift */ = {isa = PBXFileReference; lastKnownFileType = sourcecode.swift; path = Constants.swift; sourceTree = "<group>"; };
		B36DA1252C442C390040BFEA /* StdTextField.swift */ = {isa = PBXFileReference; lastKnownFileType = sourcecode.swift; path = StdTextField.swift; sourceTree = "<group>"; };
		B36DA1282C442C980040BFEA /* RegNicknameView.swift */ = {isa = PBXFileReference; lastKnownFileType = sourcecode.swift; path = RegNicknameView.swift; sourceTree = "<group>"; };
		B36DA12A2C442CF90040BFEA /* RegExplnTitle.swift */ = {isa = PBXFileReference; lastKnownFileType = sourcecode.swift; path = RegExplnTitle.swift; sourceTree = "<group>"; };
		B36DA12C2C442D710040BFEA /* ErrorMessageText.swift */ = {isa = PBXFileReference; lastKnownFileType = sourcecode.swift; path = ErrorMessageText.swift; sourceTree = "<group>"; };
		B36DA12F2C442E6B0040BFEA /* NicknameError.swift */ = {isa = PBXFileReference; lastKnownFileType = sourcecode.swift; path = NicknameError.swift; sourceTree = "<group>"; };
		B36DA1312C442FE10040BFEA /* RegProfileView.swift */ = {isa = PBXFileReference; lastKnownFileType = sourcecode.swift; path = RegProfileView.swift; sourceTree = "<group>"; };
		B36DA1332C4430AC0040BFEA /* ProfileButton.swift */ = {isa = PBXFileReference; lastKnownFileType = sourcecode.swift; path = ProfileButton.swift; sourceTree = "<group>"; };
/* End PBXFileReference section */

/* Begin PBXFrameworksBuildPhase section */
		6D2681F62C42FFE800120AA0 /* Frameworks */ = {
			isa = PBXFrameworksBuildPhase;
			buildActionMask = 2147483647;
			files = (
			);
			runOnlyForDeploymentPostprocessing = 0;
		};
/* End PBXFrameworksBuildPhase section */

/* Begin PBXGroup section */
		6D2681F02C42FFE800120AA0 = {
			isa = PBXGroup;
			children = (
				6D2681FB2C42FFE800120AA0 /* Aehopark */,
				6D2681FA2C42FFE800120AA0 /* Products */,
			);
			sourceTree = "<group>";
		};
		6D2681FA2C42FFE800120AA0 /* Products */ = {
			isa = PBXGroup;
			children = (
				6D2681F92C42FFE800120AA0 /* Aehopark.app */,
			);
			name = Products;
			sourceTree = "<group>";
		};
		6D2681FB2C42FFE800120AA0 /* Aehopark */ = {
			isa = PBXGroup;
			children = (
				6D2682272C43173100120AA0 /* Info.plist */,
				6D2682262C43164D00120AA0 /* App */,
				B36DA11F2C4422A60040BFEA /* Util */,
				6D26820A2C430A7600120AA0 /* Home */,
				B36DA1272C442C770040BFEA /* Example */,
				6D2682122C430B1900120AA0 /* Extension */,
				6D2682002C42FFE900120AA0 /* Assets.xcassets */,
				6D2682022C42FFE900120AA0 /* Preview Content */,
			);
			path = Aehopark;
			sourceTree = "<group>";
		};
		6D2682022C42FFE900120AA0 /* Preview Content */ = {
			isa = PBXGroup;
			children = (
				6D2682032C42FFE900120AA0 /* Preview Assets.xcassets */,
			);
			path = "Preview Content";
			sourceTree = "<group>";
		};
		6D26820A2C430A7600120AA0 /* Home */ = {
			isa = PBXGroup;
			children = (
				6D26820B2C430A8300120AA0 /* HomeView.swift */,
				6D26820D2C430A8F00120AA0 /* HomeViewModel.swift */,
				6D26820F2C430A9800120AA0 /* HomeModel.swift */,
			);
			path = Home;
			sourceTree = "<group>";
		};
		6D2682122C430B1900120AA0 /* Extension */ = {
			isa = PBXGroup;
			children = (
				6D2682132C430B2900120AA0 /* Font */,
			);
			path = Extension;
			sourceTree = "<group>";
		};
		6D2682132C430B2900120AA0 /* Font */ = {
			isa = PBXGroup;
			children = (
				6D2682212C43138F00120AA0 /* Inter-Medium.ttf */,
				6D2682202C43138F00120AA0 /* Inter-Regular.ttf */,
				6D2682222C43138F00120AA0 /* Inter-SemiBold.ttf */,
				6D2682162C430D7D00120AA0 /* Roboto-Medium.ttf */,
				6D2682192C430D7E00120AA0 /* Roboto-Regular.ttf */,
				6D2682172C430D7D00120AA0 /* RobotoMono-Regular.ttf */,
				6D26821E2C43113000120AA0 /* Roboto-Bold.ttf */,
				6D2682182C430D7D00120AA0 /* SansitaOne.ttf */,
				6D2682142C430D6500120AA0 /* Fonts+.swift */,
			);
			path = Font;
			sourceTree = "<group>";
		};
		6D2682262C43164D00120AA0 /* App */ = {
			isa = PBXGroup;
			children = (
				6D2681FC2C42FFE800120AA0 /* AehoparkApp.swift */,
				6D2681FE2C42FFE800120AA0 /* ContentView.swift */,
			);
			path = App;
			sourceTree = "<group>";
		};
		B36DA11F2C4422A60040BFEA /* Util */ = {
			isa = PBXGroup;
			children = (
				B36DA12E2C442E5E0040BFEA /* enum */,
				B36DA1242C4425BF0040BFEA /* Components */,
				B36DA1202C4422F70040BFEA /* Constants.swift */,
			);
			path = Util;
			sourceTree = "<group>";
		};
		B36DA1242C4425BF0040BFEA /* Components */ = {
			isa = PBXGroup;
			children = (
				B36DA12A2C442CF90040BFEA /* RegExplnTitle.swift */,
				B36DA12C2C442D710040BFEA /* ErrorMessageText.swift */,
				B36DA1252C442C390040BFEA /* StdTextField.swift */,
				B36DA1332C4430AC0040BFEA /* ProfileButton.swift */,
			);
			path = Components;
			sourceTree = "<group>";
		};
		B36DA1272C442C770040BFEA /* Example */ = {
			isa = PBXGroup;
			children = (
				B36DA1282C442C980040BFEA /* RegNicknameView.swift */,
				B36DA1312C442FE10040BFEA /* RegProfileView.swift */,
			);
			path = Example;
			sourceTree = "<group>";
		};
		B36DA12E2C442E5E0040BFEA /* enum */ = {
			isa = PBXGroup;
			children = (
				B36DA12F2C442E6B0040BFEA /* NicknameError.swift */,
			);
			path = enum;
			sourceTree = "<group>";
		};
/* End PBXGroup section */

/* Begin PBXNativeTarget section */
		6D2681F82C42FFE800120AA0 /* Aehopark */ = {
			isa = PBXNativeTarget;
			buildConfigurationList = 6D2682072C42FFE900120AA0 /* Build configuration list for PBXNativeTarget "Aehopark" */;
			buildPhases = (
				6D2681F52C42FFE800120AA0 /* Sources */,
				6D2681F62C42FFE800120AA0 /* Frameworks */,
				6D2681F72C42FFE800120AA0 /* Resources */,
			);
			buildRules = (
			);
			dependencies = (
			);
			name = Aehopark;
			productName = Aehopark;
			productReference = 6D2681F92C42FFE800120AA0 /* Aehopark.app */;
			productType = "com.apple.product-type.application";
		};
/* End PBXNativeTarget section */

/* Begin PBXProject section */
		6D2681F12C42FFE800120AA0 /* Project object */ = {
			isa = PBXProject;
			attributes = {
				BuildIndependentTargetsInParallel = 1;
				LastSwiftUpdateCheck = 1540;
				LastUpgradeCheck = 1540;
				TargetAttributes = {
					6D2681F82C42FFE800120AA0 = {
						CreatedOnToolsVersion = 15.4;
					};
				};
			};
			buildConfigurationList = 6D2681F42C42FFE800120AA0 /* Build configuration list for PBXProject "Aehopark" */;
			compatibilityVersion = "Xcode 14.0";
			developmentRegion = en;
			hasScannedForEncodings = 0;
			knownRegions = (
				en,
				Base,
			);
			mainGroup = 6D2681F02C42FFE800120AA0;
			productRefGroup = 6D2681FA2C42FFE800120AA0 /* Products */;
			projectDirPath = "";
			projectRoot = "";
			targets = (
				6D2681F82C42FFE800120AA0 /* Aehopark */,
			);
		};
/* End PBXProject section */

/* Begin PBXResourcesBuildPhase section */
		6D2681F72C42FFE800120AA0 /* Resources */ = {
			isa = PBXResourcesBuildPhase;
			buildActionMask = 2147483647;
			files = (
				6D26821F2C43113000120AA0 /* Roboto-Bold.ttf in Resources */,
				6D26821D2C430D7E00120AA0 /* Roboto-Regular.ttf in Resources */,
				6D2682042C42FFE900120AA0 /* Preview Assets.xcassets in Resources */,
				6D2682012C42FFE900120AA0 /* Assets.xcassets in Resources */,
				6D26821C2C430D7E00120AA0 /* SansitaOne.ttf in Resources */,
				6D26821A2C430D7E00120AA0 /* Roboto-Medium.ttf in Resources */,
				6D2682232C43138F00120AA0 /* Inter-Regular.ttf in Resources */,
				6D26821B2C430D7E00120AA0 /* RobotoMono-Regular.ttf in Resources */,
				6D2682252C43138F00120AA0 /* Inter-SemiBold.ttf in Resources */,
				6D2682242C43138F00120AA0 /* Inter-Medium.ttf in Resources */,
			);
			runOnlyForDeploymentPostprocessing = 0;
		};
/* End PBXResourcesBuildPhase section */

/* Begin PBXSourcesBuildPhase section */
		6D2681F52C42FFE800120AA0 /* Sources */ = {
			isa = PBXSourcesBuildPhase;
			buildActionMask = 2147483647;
			files = (
				B36DA12D2C442D710040BFEA /* ErrorMessageText.swift in Sources */,
				6D26820C2C430A8300120AA0 /* HomeView.swift in Sources */,
				B36DA1302C442E6B0040BFEA /* NicknameError.swift in Sources */,
				B36DA1342C4430AC0040BFEA /* ProfileButton.swift in Sources */,
				B36DA1262C442C390040BFEA /* StdTextField.swift in Sources */,
				6D2681FF2C42FFE800120AA0 /* ContentView.swift in Sources */,
				B36DA1292C442C980040BFEA /* RegNicknameView.swift in Sources */,
				B36DA1322C442FE10040BFEA /* RegProfileView.swift in Sources */,
				6D2682152C430D6500120AA0 /* Fonts+.swift in Sources */,
				6D2681FD2C42FFE800120AA0 /* AehoparkApp.swift in Sources */,
				B36DA1212C4422F70040BFEA /* Constants.swift in Sources */,
				6D2682102C430A9800120AA0 /* HomeModel.swift in Sources */,
				6D26820E2C430A8F00120AA0 /* HomeViewModel.swift in Sources */,
				B36DA12B2C442CF90040BFEA /* RegExplnTitle.swift in Sources */,
			);
			runOnlyForDeploymentPostprocessing = 0;
		};
/* End PBXSourcesBuildPhase section */

/* Begin XCBuildConfiguration section */
		6D2682052C42FFE900120AA0 /* Debug */ = {
			isa = XCBuildConfiguration;
			buildSettings = {
				ALWAYS_SEARCH_USER_PATHS = NO;
				ASSETCATALOG_COMPILER_GENERATE_SWIFT_ASSET_SYMBOL_EXTENSIONS = YES;
				CLANG_ANALYZER_NONNULL = YES;
				CLANG_ANALYZER_NUMBER_OBJECT_CONVERSION = YES_AGGRESSIVE;
				CLANG_CXX_LANGUAGE_STANDARD = "gnu++20";
				CLANG_ENABLE_MODULES = YES;
				CLANG_ENABLE_OBJC_ARC = YES;
				CLANG_ENABLE_OBJC_WEAK = YES;
				CLANG_WARN_BLOCK_CAPTURE_AUTORELEASING = YES;
				CLANG_WARN_BOOL_CONVERSION = YES;
				CLANG_WARN_COMMA = YES;
				CLANG_WARN_CONSTANT_CONVERSION = YES;
				CLANG_WARN_DEPRECATED_OBJC_IMPLEMENTATIONS = YES;
				CLANG_WARN_DIRECT_OBJC_ISA_USAGE = YES_ERROR;
				CLANG_WARN_DOCUMENTATION_COMMENTS = YES;
				CLANG_WARN_EMPTY_BODY = YES;
				CLANG_WARN_ENUM_CONVERSION = YES;
				CLANG_WARN_INFINITE_RECURSION = YES;
				CLANG_WARN_INT_CONVERSION = YES;
				CLANG_WARN_NON_LITERAL_NULL_CONVERSION = YES;
				CLANG_WARN_OBJC_IMPLICIT_RETAIN_SELF = YES;
				CLANG_WARN_OBJC_LITERAL_CONVERSION = YES;
				CLANG_WARN_OBJC_ROOT_CLASS = YES_ERROR;
				CLANG_WARN_QUOTED_INCLUDE_IN_FRAMEWORK_HEADER = YES;
				CLANG_WARN_RANGE_LOOP_ANALYSIS = YES;
				CLANG_WARN_STRICT_PROTOTYPES = YES;
				CLANG_WARN_SUSPICIOUS_MOVE = YES;
				CLANG_WARN_UNGUARDED_AVAILABILITY = YES_AGGRESSIVE;
				CLANG_WARN_UNREACHABLE_CODE = YES;
				CLANG_WARN__DUPLICATE_METHOD_MATCH = YES;
				COPY_PHASE_STRIP = NO;
				DEBUG_INFORMATION_FORMAT = dwarf;
				ENABLE_STRICT_OBJC_MSGSEND = YES;
				ENABLE_TESTABILITY = YES;
				ENABLE_USER_SCRIPT_SANDBOXING = YES;
				GCC_C_LANGUAGE_STANDARD = gnu17;
				GCC_DYNAMIC_NO_PIC = NO;
				GCC_NO_COMMON_BLOCKS = YES;
				GCC_OPTIMIZATION_LEVEL = 0;
				GCC_PREPROCESSOR_DEFINITIONS = (
					"DEBUG=1",
					"$(inherited)",
				);
				GCC_WARN_64_TO_32_BIT_CONVERSION = YES;
				GCC_WARN_ABOUT_RETURN_TYPE = YES_ERROR;
				GCC_WARN_UNDECLARED_SELECTOR = YES;
				GCC_WARN_UNINITIALIZED_AUTOS = YES_AGGRESSIVE;
				GCC_WARN_UNUSED_FUNCTION = YES;
				GCC_WARN_UNUSED_VARIABLE = YES;
				IPHONEOS_DEPLOYMENT_TARGET = 17.5;
				LOCALIZATION_PREFERS_STRING_CATALOGS = YES;
				MTL_ENABLE_DEBUG_INFO = INCLUDE_SOURCE;
				MTL_FAST_MATH = YES;
				ONLY_ACTIVE_ARCH = YES;
				SDKROOT = iphoneos;
				SWIFT_ACTIVE_COMPILATION_CONDITIONS = "DEBUG $(inherited)";
				SWIFT_OPTIMIZATION_LEVEL = "-Onone";
			};
			name = Debug;
		};
		6D2682062C42FFE900120AA0 /* Release */ = {
			isa = XCBuildConfiguration;
			buildSettings = {
				ALWAYS_SEARCH_USER_PATHS = NO;
				ASSETCATALOG_COMPILER_GENERATE_SWIFT_ASSET_SYMBOL_EXTENSIONS = YES;
				CLANG_ANALYZER_NONNULL = YES;
				CLANG_ANALYZER_NUMBER_OBJECT_CONVERSION = YES_AGGRESSIVE;
				CLANG_CXX_LANGUAGE_STANDARD = "gnu++20";
				CLANG_ENABLE_MODULES = YES;
				CLANG_ENABLE_OBJC_ARC = YES;
				CLANG_ENABLE_OBJC_WEAK = YES;
				CLANG_WARN_BLOCK_CAPTURE_AUTORELEASING = YES;
				CLANG_WARN_BOOL_CONVERSION = YES;
				CLANG_WARN_COMMA = YES;
				CLANG_WARN_CONSTANT_CONVERSION = YES;
				CLANG_WARN_DEPRECATED_OBJC_IMPLEMENTATIONS = YES;
				CLANG_WARN_DIRECT_OBJC_ISA_USAGE = YES_ERROR;
				CLANG_WARN_DOCUMENTATION_COMMENTS = YES;
				CLANG_WARN_EMPTY_BODY = YES;
				CLANG_WARN_ENUM_CONVERSION = YES;
				CLANG_WARN_INFINITE_RECURSION = YES;
				CLANG_WARN_INT_CONVERSION = YES;
				CLANG_WARN_NON_LITERAL_NULL_CONVERSION = YES;
				CLANG_WARN_OBJC_IMPLICIT_RETAIN_SELF = YES;
				CLANG_WARN_OBJC_LITERAL_CONVERSION = YES;
				CLANG_WARN_OBJC_ROOT_CLASS = YES_ERROR;
				CLANG_WARN_QUOTED_INCLUDE_IN_FRAMEWORK_HEADER = YES;
				CLANG_WARN_RANGE_LOOP_ANALYSIS = YES;
				CLANG_WARN_STRICT_PROTOTYPES = YES;
				CLANG_WARN_SUSPICIOUS_MOVE = YES;
				CLANG_WARN_UNGUARDED_AVAILABILITY = YES_AGGRESSIVE;
				CLANG_WARN_UNREACHABLE_CODE = YES;
				CLANG_WARN__DUPLICATE_METHOD_MATCH = YES;
				COPY_PHASE_STRIP = NO;
				DEBUG_INFORMATION_FORMAT = "dwarf-with-dsym";
				ENABLE_NS_ASSERTIONS = NO;
				ENABLE_STRICT_OBJC_MSGSEND = YES;
				ENABLE_USER_SCRIPT_SANDBOXING = YES;
				GCC_C_LANGUAGE_STANDARD = gnu17;
				GCC_NO_COMMON_BLOCKS = YES;
				GCC_WARN_64_TO_32_BIT_CONVERSION = YES;
				GCC_WARN_ABOUT_RETURN_TYPE = YES_ERROR;
				GCC_WARN_UNDECLARED_SELECTOR = YES;
				GCC_WARN_UNINITIALIZED_AUTOS = YES_AGGRESSIVE;
				GCC_WARN_UNUSED_FUNCTION = YES;
				GCC_WARN_UNUSED_VARIABLE = YES;
				IPHONEOS_DEPLOYMENT_TARGET = 17.5;
				LOCALIZATION_PREFERS_STRING_CATALOGS = YES;
				MTL_ENABLE_DEBUG_INFO = NO;
				MTL_FAST_MATH = YES;
				SDKROOT = iphoneos;
				SWIFT_COMPILATION_MODE = wholemodule;
				VALIDATE_PRODUCT = YES;
			};
			name = Release;
		};
		6D2682082C42FFE900120AA0 /* Debug */ = {
			isa = XCBuildConfiguration;
			buildSettings = {
				ASSETCATALOG_COMPILER_APPICON_NAME = AppIcon;
				ASSETCATALOG_COMPILER_GLOBAL_ACCENT_COLOR_NAME = AccentColor;
				CODE_SIGN_STYLE = Automatic;
				CURRENT_PROJECT_VERSION = 1;
				DEVELOPMENT_ASSET_PATHS = "\"Aehopark/Preview Content\"";
				DEVELOPMENT_TEAM = 23SCTLK482;
				ENABLE_PREVIEWS = YES;
				GENERATE_INFOPLIST_FILE = YES;
				INFOPLIST_FILE = Aehopark/Info.plist;
				INFOPLIST_KEY_CFBundleDisplayName = Aehopark;
				INFOPLIST_KEY_LSApplicationCategoryType = "public.app-category.shopping";
				INFOPLIST_KEY_UIApplicationSceneManifest_Generation = YES;
				INFOPLIST_KEY_UIApplicationSupportsIndirectInputEvents = YES;
				INFOPLIST_KEY_UILaunchScreen_Generation = YES;
				INFOPLIST_KEY_UISupportedInterfaceOrientations_iPad = "UIInterfaceOrientationPortrait UIInterfaceOrientationPortraitUpsideDown UIInterfaceOrientationLandscapeLeft UIInterfaceOrientationLandscapeRight";
				INFOPLIST_KEY_UISupportedInterfaceOrientations_iPhone = "UIInterfaceOrientationPortrait UIInterfaceOrientationLandscapeLeft UIInterfaceOrientationLandscapeRight";
				LD_RUNPATH_SEARCH_PATHS = (
					"$(inherited)",
					"@executable_path/Frameworks",
				);
				MARKETING_VERSION = 1.0;
				PRODUCT_BUNDLE_IDENTIFIER = com.riu.Aehopark;
				PRODUCT_NAME = "$(TARGET_NAME)";
				SUPPORTED_PLATFORMS = "iphoneos iphonesimulator";
				SUPPORTS_MACCATALYST = NO;
				SUPPORTS_MAC_DESIGNED_FOR_IPHONE_IPAD = NO;
				SUPPORTS_XR_DESIGNED_FOR_IPHONE_IPAD = NO;
				SWIFT_EMIT_LOC_STRINGS = YES;
				SWIFT_VERSION = 5.0;
				TARGETED_DEVICE_FAMILY = 1;
			};
			name = Debug;
		};
		6D2682092C42FFE900120AA0 /* Release */ = {
			isa = XCBuildConfiguration;
			buildSettings = {
				ASSETCATALOG_COMPILER_APPICON_NAME = AppIcon;
				ASSETCATALOG_COMPILER_GLOBAL_ACCENT_COLOR_NAME = AccentColor;
				CODE_SIGN_STYLE = Automatic;
				CURRENT_PROJECT_VERSION = 1;
				DEVELOPMENT_ASSET_PATHS = "\"Aehopark/Preview Content\"";
				DEVELOPMENT_TEAM = 23SCTLK482;
				ENABLE_PREVIEWS = YES;
				GENERATE_INFOPLIST_FILE = YES;
				INFOPLIST_FILE = Aehopark/Info.plist;
				INFOPLIST_KEY_CFBundleDisplayName = Aehopark;
				INFOPLIST_KEY_LSApplicationCategoryType = "public.app-category.shopping";
				INFOPLIST_KEY_UIApplicationSceneManifest_Generation = YES;
				INFOPLIST_KEY_UIApplicationSupportsIndirectInputEvents = YES;
				INFOPLIST_KEY_UILaunchScreen_Generation = YES;
				INFOPLIST_KEY_UISupportedInterfaceOrientations_iPad = "UIInterfaceOrientationPortrait UIInterfaceOrientationPortraitUpsideDown UIInterfaceOrientationLandscapeLeft UIInterfaceOrientationLandscapeRight";
				INFOPLIST_KEY_UISupportedInterfaceOrientations_iPhone = "UIInterfaceOrientationPortrait UIInterfaceOrientationLandscapeLeft UIInterfaceOrientationLandscapeRight";
				LD_RUNPATH_SEARCH_PATHS = (
					"$(inherited)",
					"@executable_path/Frameworks",
				);
				MARKETING_VERSION = 1.0;
				PRODUCT_BUNDLE_IDENTIFIER = com.riu.Aehopark;
				PRODUCT_NAME = "$(TARGET_NAME)";
				SUPPORTED_PLATFORMS = "iphoneos iphonesimulator";
				SUPPORTS_MACCATALYST = NO;
				SUPPORTS_MAC_DESIGNED_FOR_IPHONE_IPAD = NO;
				SUPPORTS_XR_DESIGNED_FOR_IPHONE_IPAD = NO;
				SWIFT_EMIT_LOC_STRINGS = YES;
				SWIFT_VERSION = 5.0;
				TARGETED_DEVICE_FAMILY = 1;
			};
			name = Release;
		};
/* End XCBuildConfiguration section */

/* Begin XCConfigurationList section */
		6D2681F42C42FFE800120AA0 /* Build configuration list for PBXProject "Aehopark" */ = {
			isa = XCConfigurationList;
			buildConfigurations = (
				6D2682052C42FFE900120AA0 /* Debug */,
				6D2682062C42FFE900120AA0 /* Release */,
			);
			defaultConfigurationIsVisible = 0;
			defaultConfigurationName = Release;
		};
		6D2682072C42FFE900120AA0 /* Build configuration list for PBXNativeTarget "Aehopark" */ = {
			isa = XCConfigurationList;
			buildConfigurations = (
				6D2682082C42FFE900120AA0 /* Debug */,
				6D2682092C42FFE900120AA0 /* Release */,
			);
			defaultConfigurationIsVisible = 0;
			defaultConfigurationName = Release;
		};
/* End XCConfigurationList section */
	};
	rootObject = 6D2681F12C42FFE800120AA0 /* Project object */;
}
